// !$*UTF8*$!
{
	archiveVersion = 1;
	classes = {
	};
	objectVersion = 46;
	objects = {

/* Begin PBXBuildFile section */
		D82E748618B7E49C0031BF2B /* milk.png in Resources */ = {isa = PBXBuildFile; fileRef = D82E748518B7E49C0031BF2B /* milk.png */; };
		D82E748A18B7E97E0031BF2B /* Tag.m in Sources */ = {isa = PBXBuildFile; fileRef = D82E748918B7E97E0031BF2B /* Tag.m */; };
		D82E748D18B7E97E0031BF2B /* Pictogram.m in Sources */ = {isa = PBXBuildFile; fileRef = D82E748C18B7E97E0031BF2B /* Pictogram.m */; };
		D83A62BC18B696DC00EC0773 /* Foundation.framework in Frameworks */ = {isa = PBXBuildFile; fileRef = D83A62BB18B696DC00EC0773 /* Foundation.framework */; };
		D83A62BE18B696DC00EC0773 /* CoreGraphics.framework in Frameworks */ = {isa = PBXBuildFile; fileRef = D83A62BD18B696DC00EC0773 /* CoreGraphics.framework */; };
		D83A62C018B696DC00EC0773 /* UIKit.framework in Frameworks */ = {isa = PBXBuildFile; fileRef = D83A62BF18B696DC00EC0773 /* UIKit.framework */; };
		D83A62C618B696DC00EC0773 /* InfoPlist.strings in Resources */ = {isa = PBXBuildFile; fileRef = D83A62C418B696DC00EC0773 /* InfoPlist.strings */; };
		D83A62C818B696DC00EC0773 /* main.m in Sources */ = {isa = PBXBuildFile; fileRef = D83A62C718B696DC00EC0773 /* main.m */; };
		D83A62CC18B696DC00EC0773 /* AppDelegate.m in Sources */ = {isa = PBXBuildFile; fileRef = D83A62CB18B696DC00EC0773 /* AppDelegate.m */; };
		D83A62CF18B696DC00EC0773 /* Main.storyboard in Resources */ = {isa = PBXBuildFile; fileRef = D83A62CD18B696DC00EC0773 /* Main.storyboard */; };
		D83A62D418B696DC00EC0773 /* Images.xcassets in Resources */ = {isa = PBXBuildFile; fileRef = D83A62D318B696DC00EC0773 /* Images.xcassets */; };
		D83A62DB18B696DC00EC0773 /* XCTest.framework in Frameworks */ = {isa = PBXBuildFile; fileRef = D83A62DA18B696DC00EC0773 /* XCTest.framework */; };
		D83A62DC18B696DC00EC0773 /* Foundation.framework in Frameworks */ = {isa = PBXBuildFile; fileRef = D83A62BB18B696DC00EC0773 /* Foundation.framework */; };
		D83A62DD18B696DC00EC0773 /* UIKit.framework in Frameworks */ = {isa = PBXBuildFile; fileRef = D83A62BF18B696DC00EC0773 /* UIKit.framework */; };
		D83A62E518B696DC00EC0773 /* InfoPlist.strings in Resources */ = {isa = PBXBuildFile; fileRef = D83A62E318B696DC00EC0773 /* InfoPlist.strings */; };
		D83A62F618B69BEC00EC0773 /* SearchViewController.m in Sources */ = {isa = PBXBuildFile; fileRef = D83A62F518B69BEC00EC0773 /* SearchViewController.m */; };
		D83A62FA18B69D8600EC0773 /* beer.png in Resources */ = {isa = PBXBuildFile; fileRef = D83A62F918B69D8600EC0773 /* beer.png */; };
		D83A62FD18B6D6E900EC0773 /* Bee.png in Resources */ = {isa = PBXBuildFile; fileRef = D83A62FC18B6D6E900EC0773 /* Bee.png */; };
		D8B49E6218B8141E00788073 /* SearchViewControllerTests.m in Sources */ = {isa = PBXBuildFile; fileRef = D8B49E6118B8141E00788073 /* SearchViewControllerTests.m */; };
		D8B49E6318B8143600788073 /* SearchViewController.m in Sources */ = {isa = PBXBuildFile; fileRef = D83A62F518B69BEC00EC0773 /* SearchViewController.m */; };
		D8B49E6718B823A000788073 /* TagManagementViewController.m in Sources */ = {isa = PBXBuildFile; fileRef = D8B49E6618B823A000788073 /* TagManagementViewController.m */; };
		D8ED7F9718B77771007A7315 /* CoreData.xcdatamodeld in Sources */ = {isa = PBXBuildFile; fileRef = D8ED7F9518B77771007A7315 /* CoreData.xcdatamodeld */; };
/* End PBXBuildFile section */

/* Begin PBXContainerItemProxy section */
		D83A62DE18B696DC00EC0773 /* PBXContainerItemProxy */ = {
			isa = PBXContainerItemProxy;
			containerPortal = D83A62B018B696DB00EC0773 /* Project object */;
			proxyType = 1;
			remoteGlobalIDString = D83A62B718B696DC00EC0773;
			remoteInfo = "Visual Scheduler";
		};
/* End PBXContainerItemProxy section */

/* Begin PBXFileReference section */
		D82E748518B7E49C0031BF2B /* milk.png */ = {isa = PBXFileReference; lastKnownFileType = image.png; path = milk.png; sourceTree = "<group>"; };
		D82E748718B7E8220031BF2B /* CoreData 2.xcdatamodel */ = {isa = PBXFileReference; lastKnownFileType = wrapper.xcdatamodel; path = "CoreData 2.xcdatamodel"; sourceTree = "<group>"; };
		D82E748818B7E97E0031BF2B /* Tag.h */ = {isa = PBXFileReference; fileEncoding = 4; lastKnownFileType = sourcecode.c.h; name = Tag.h; path = Models/Tag.h; sourceTree = "<group>"; };
		D82E748918B7E97E0031BF2B /* Tag.m */ = {isa = PBXFileReference; fileEncoding = 4; lastKnownFileType = sourcecode.c.objc; name = Tag.m; path = Models/Tag.m; sourceTree = "<group>"; };
		D82E748B18B7E97E0031BF2B /* Pictogram.h */ = {isa = PBXFileReference; fileEncoding = 4; lastKnownFileType = sourcecode.c.h; name = Pictogram.h; path = Models/Pictogram.h; sourceTree = "<group>"; };
		D82E748C18B7E97E0031BF2B /* Pictogram.m */ = {isa = PBXFileReference; fileEncoding = 4; lastKnownFileType = sourcecode.c.objc; name = Pictogram.m; path = Models/Pictogram.m; sourceTree = "<group>"; };
		D83A62B818B696DC00EC0773 /* Visual Scheduler.app */ = {isa = PBXFileReference; explicitFileType = wrapper.application; includeInIndex = 0; path = "Visual Scheduler.app"; sourceTree = BUILT_PRODUCTS_DIR; };
		D83A62BB18B696DC00EC0773 /* Foundation.framework */ = {isa = PBXFileReference; lastKnownFileType = wrapper.framework; name = Foundation.framework; path = System/Library/Frameworks/Foundation.framework; sourceTree = SDKROOT; };
		D83A62BD18B696DC00EC0773 /* CoreGraphics.framework */ = {isa = PBXFileReference; lastKnownFileType = wrapper.framework; name = CoreGraphics.framework; path = System/Library/Frameworks/CoreGraphics.framework; sourceTree = SDKROOT; };
		D83A62BF18B696DC00EC0773 /* UIKit.framework */ = {isa = PBXFileReference; lastKnownFileType = wrapper.framework; name = UIKit.framework; path = System/Library/Frameworks/UIKit.framework; sourceTree = SDKROOT; };
		D83A62C318B696DC00EC0773 /* Visual Scheduler-Info.plist */ = {isa = PBXFileReference; lastKnownFileType = text.plist.xml; path = "Visual Scheduler-Info.plist"; sourceTree = "<group>"; };
		D83A62C518B696DC00EC0773 /* en */ = {isa = PBXFileReference; lastKnownFileType = text.plist.strings; name = en; path = en.lproj/InfoPlist.strings; sourceTree = "<group>"; };
		D83A62C718B696DC00EC0773 /* main.m */ = {isa = PBXFileReference; lastKnownFileType = sourcecode.c.objc; path = main.m; sourceTree = "<group>"; };
		D83A62C918B696DC00EC0773 /* Visual Scheduler-Prefix.pch */ = {isa = PBXFileReference; lastKnownFileType = sourcecode.c.h; path = "Visual Scheduler-Prefix.pch"; sourceTree = "<group>"; };
		D83A62CA18B696DC00EC0773 /* AppDelegate.h */ = {isa = PBXFileReference; lastKnownFileType = sourcecode.c.h; path = AppDelegate.h; sourceTree = "<group>"; };
		D83A62CB18B696DC00EC0773 /* AppDelegate.m */ = {isa = PBXFileReference; lastKnownFileType = sourcecode.c.objc; path = AppDelegate.m; sourceTree = "<group>"; };
		D83A62CE18B696DC00EC0773 /* Base */ = {isa = PBXFileReference; lastKnownFileType = file.storyboard; name = Base; path = Base.lproj/Main.storyboard; sourceTree = "<group>"; };
		D83A62D318B696DC00EC0773 /* Images.xcassets */ = {isa = PBXFileReference; lastKnownFileType = folder.assetcatalog; path = Images.xcassets; sourceTree = "<group>"; };
		D83A62D918B696DC00EC0773 /* Visual SchedulerTests.xctest */ = {isa = PBXFileReference; explicitFileType = wrapper.cfbundle; includeInIndex = 0; path = "Visual SchedulerTests.xctest"; sourceTree = BUILT_PRODUCTS_DIR; };
		D83A62DA18B696DC00EC0773 /* XCTest.framework */ = {isa = PBXFileReference; lastKnownFileType = wrapper.framework; name = XCTest.framework; path = Library/Frameworks/XCTest.framework; sourceTree = DEVELOPER_DIR; };
		D83A62E218B696DC00EC0773 /* Visual SchedulerTests-Info.plist */ = {isa = PBXFileReference; lastKnownFileType = text.plist.xml; path = "Visual SchedulerTests-Info.plist"; sourceTree = "<group>"; };
		D83A62E418B696DC00EC0773 /* en */ = {isa = PBXFileReference; lastKnownFileType = text.plist.strings; name = en; path = en.lproj/InfoPlist.strings; sourceTree = "<group>"; };
		D83A62F418B69BEC00EC0773 /* SearchViewController.h */ = {isa = PBXFileReference; fileEncoding = 4; lastKnownFileType = sourcecode.c.h; name = SearchViewController.h; path = Controllers/SearchViewController.h; sourceTree = "<group>"; };
		D83A62F518B69BEC00EC0773 /* SearchViewController.m */ = {isa = PBXFileReference; fileEncoding = 4; lastKnownFileType = sourcecode.c.objc; name = SearchViewController.m; path = Controllers/SearchViewController.m; sourceTree = "<group>"; };
		D83A62F918B69D8600EC0773 /* beer.png */ = {isa = PBXFileReference; lastKnownFileType = image.png; path = beer.png; sourceTree = "<group>"; };
		D83A62FB18B6B69E00EC0773 /* ContainsImageAsData.h */ = {isa = PBXFileReference; lastKnownFileType = sourcecode.c.h; name = ContainsImageAsData.h; path = Protocols/ContainsImageAsData.h; sourceTree = "<group>"; };
		D83A62FC18B6D6E900EC0773 /* Bee.png */ = {isa = PBXFileReference; lastKnownFileType = image.png; path = Bee.png; sourceTree = "<group>"; };
		D8B49E5F18B8025500788073 /* SearchViewControllerDelegate.h */ = {isa = PBXFileReference; lastKnownFileType = sourcecode.c.h; name = SearchViewControllerDelegate.h; path = Protocols/SearchViewControllerDelegate.h; sourceTree = "<group>"; };
		D8B49E6118B8141E00788073 /* SearchViewControllerTests.m */ = {isa = PBXFileReference; fileEncoding = 4; lastKnownFileType = sourcecode.c.objc; name = SearchViewControllerTests.m; path = Controllers/SearchViewControllerTests.m; sourceTree = "<group>"; };
		D8B49E6518B823A000788073 /* TagManagementViewController.h */ = {isa = PBXFileReference; fileEncoding = 4; lastKnownFileType = sourcecode.c.h; name = TagManagementViewController.h; path = Controllers/TagManagementViewController.h; sourceTree = "<group>"; };
		D8B49E6618B823A000788073 /* TagManagementViewController.m */ = {isa = PBXFileReference; fileEncoding = 4; lastKnownFileType = sourcecode.c.objc; name = TagManagementViewController.m; path = Controllers/TagManagementViewController.m; sourceTree = "<group>"; };
		D8ED7F9618B77771007A7315 /* CoreData.xcdatamodel */ = {isa = PBXFileReference; lastKnownFileType = wrapper.xcdatamodel; path = CoreData.xcdatamodel; sourceTree = "<group>"; };
		D8F3852718B83549007A8C6E /* CoreDataController.h */ = {isa = PBXFileReference; lastKnownFileType = sourcecode.c.h; name = CoreDataController.h; path = Protocols/CoreDataController.h; sourceTree = "<group>"; };
/* End PBXFileReference section */

/* Begin PBXFrameworksBuildPhase section */
		D83A62B518B696DC00EC0773 /* Frameworks */ = {
			isa = PBXFrameworksBuildPhase;
			buildActionMask = 2147483647;
			files = (
				D83A62BE18B696DC00EC0773 /* CoreGraphics.framework in Frameworks */,
				D83A62C018B696DC00EC0773 /* UIKit.framework in Frameworks */,
				D83A62BC18B696DC00EC0773 /* Foundation.framework in Frameworks */,
			);
			runOnlyForDeploymentPostprocessing = 0;
		};
		D83A62D618B696DC00EC0773 /* Frameworks */ = {
			isa = PBXFrameworksBuildPhase;
			buildActionMask = 2147483647;
			files = (
				D83A62DB18B696DC00EC0773 /* XCTest.framework in Frameworks */,
				D83A62DD18B696DC00EC0773 /* UIKit.framework in Frameworks */,
				D83A62DC18B696DC00EC0773 /* Foundation.framework in Frameworks */,
			);
			runOnlyForDeploymentPostprocessing = 0;
		};
/* End PBXFrameworksBuildPhase section */

/* Begin PBXGroup section */
		D83A62AF18B696DB00EC0773 = {
			isa = PBXGroup;
			children = (
				D8ED7F9518B77771007A7315 /* CoreData.xcdatamodeld */,
				D83A62C118B696DC00EC0773 /* Visual Scheduler */,
				D83A62E018B696DC00EC0773 /* Visual SchedulerTests */,
				D83A62BA18B696DC00EC0773 /* Frameworks */,
				D83A62B918B696DC00EC0773 /* Products */,
			);
			sourceTree = "<group>";
		};
		D83A62B918B696DC00EC0773 /* Products */ = {
			isa = PBXGroup;
			children = (
				D83A62B818B696DC00EC0773 /* Visual Scheduler.app */,
				D83A62D918B696DC00EC0773 /* Visual SchedulerTests.xctest */,
			);
			name = Products;
			sourceTree = "<group>";
		};
		D83A62BA18B696DC00EC0773 /* Frameworks */ = {
			isa = PBXGroup;
			children = (
				D83A62BB18B696DC00EC0773 /* Foundation.framework */,
				D83A62BD18B696DC00EC0773 /* CoreGraphics.framework */,
				D83A62BF18B696DC00EC0773 /* UIKit.framework */,
				D83A62DA18B696DC00EC0773 /* XCTest.framework */,
			);
			name = Frameworks;
			sourceTree = "<group>";
		};
		D83A62C118B696DC00EC0773 /* Visual Scheduler */ = {
			isa = PBXGroup;
			children = (
				D8B49E6018B8077600788073 /* Protocols */,
				D83A62F818B69D5100EC0773 /* Pictograms */,
				D83A62CA18B696DC00EC0773 /* AppDelegate.h */,
				D83A62CB18B696DC00EC0773 /* AppDelegate.m */,
				D83A62CD18B696DC00EC0773 /* Main.storyboard */,
				D83A62F718B69BEF00EC0773 /* Controllers */,
				D83A62D318B696DC00EC0773 /* Images.xcassets */,
				D83A62C218B696DC00EC0773 /* Supporting Files */,
				D83A62F318B6971D00EC0773 /* Models */,
			);
			path = "Visual Scheduler";
			sourceTree = "<group>";
		};
		D83A62C218B696DC00EC0773 /* Supporting Files */ = {
			isa = PBXGroup;
			children = (
				D83A62C318B696DC00EC0773 /* Visual Scheduler-Info.plist */,
				D83A62C418B696DC00EC0773 /* InfoPlist.strings */,
				D83A62C718B696DC00EC0773 /* main.m */,
				D83A62C918B696DC00EC0773 /* Visual Scheduler-Prefix.pch */,
			);
			name = "Supporting Files";
			sourceTree = "<group>";
		};
		D83A62E018B696DC00EC0773 /* Visual SchedulerTests */ = {
			isa = PBXGroup;
			children = (
				D83A62E118B696DC00EC0773 /* Supporting Files */,
				D8B49E6418B81B3500788073 /* Controllers */,
			);
			path = "Visual SchedulerTests";
			sourceTree = "<group>";
		};
		D83A62E118B696DC00EC0773 /* Supporting Files */ = {
			isa = PBXGroup;
			children = (
				D83A62E218B696DC00EC0773 /* Visual SchedulerTests-Info.plist */,
				D83A62E318B696DC00EC0773 /* InfoPlist.strings */,
			);
			name = "Supporting Files";
			sourceTree = "<group>";
		};
		D83A62F318B6971D00EC0773 /* Models */ = {
			isa = PBXGroup;
			children = (
				D82E748B18B7E97E0031BF2B /* Pictogram.h */,
				D82E748C18B7E97E0031BF2B /* Pictogram.m */,
				D82E748818B7E97E0031BF2B /* Tag.h */,
				D82E748918B7E97E0031BF2B /* Tag.m */,
			);
			name = Models;
			sourceTree = "<group>";
		};
		D83A62F718B69BEF00EC0773 /* Controllers */ = {
			isa = PBXGroup;
			children = (
				D83A62F418B69BEC00EC0773 /* SearchViewController.h */,
				D83A62F518B69BEC00EC0773 /* SearchViewController.m */,
				D8B49E6518B823A000788073 /* TagManagementViewController.h */,
				D8B49E6618B823A000788073 /* TagManagementViewController.m */,
			);
			name = Controllers;
			sourceTree = "<group>";
		};
		D83A62F818B69D5100EC0773 /* Pictograms */ = {
			isa = PBXGroup;
			children = (
				D82E748518B7E49C0031BF2B /* milk.png */,
				D83A62FC18B6D6E900EC0773 /* Bee.png */,
				D83A62F918B69D8600EC0773 /* beer.png */,
			);
			name = Pictograms;
			path = "Visual Scheduler/Pictograms";
			sourceTree = SOURCE_ROOT;
		};
		D8B49E6018B8077600788073 /* Protocols */ = {
			isa = PBXGroup;
			children = (
				D8F3852718B83549007A8C6E /* CoreDataController.h */,
				D83A62FB18B6B69E00EC0773 /* ContainsImageAsData.h */,
				D8B49E5F18B8025500788073 /* SearchViewControllerDelegate.h */,
			);
			name = Protocols;
			sourceTree = "<group>";
		};
		D8B49E6418B81B3500788073 /* Controllers */ = {
			isa = PBXGroup;
			children = (
				D8B49E6118B8141E00788073 /* SearchViewControllerTests.m */,
			);
			name = Controllers;
			sourceTree = "<group>";
		};
/* End PBXGroup section */

/* Begin PBXNativeTarget section */
		D83A62B718B696DC00EC0773 /* Visual Scheduler */ = {
			isa = PBXNativeTarget;
			buildConfigurationList = D83A62EA18B696DC00EC0773 /* Build configuration list for PBXNativeTarget "Visual Scheduler" */;
			buildPhases = (
				D83A62B418B696DC00EC0773 /* Sources */,
				D83A62B518B696DC00EC0773 /* Frameworks */,
				D83A62B618B696DC00EC0773 /* Resources */,
			);
			buildRules = (
			);
			dependencies = (
			);
			name = "Visual Scheduler";
			productName = "Visual Scheduler";
			productReference = D83A62B818B696DC00EC0773 /* Visual Scheduler.app */;
			productType = "com.apple.product-type.application";
		};
		D83A62D818B696DC00EC0773 /* Visual SchedulerTests */ = {
			isa = PBXNativeTarget;
			buildConfigurationList = D83A62ED18B696DC00EC0773 /* Build configuration list for PBXNativeTarget "Visual SchedulerTests" */;
			buildPhases = (
				D83A62D518B696DC00EC0773 /* Sources */,
				D83A62D618B696DC00EC0773 /* Frameworks */,
				D83A62D718B696DC00EC0773 /* Resources */,
			);
			buildRules = (
			);
			dependencies = (
				D83A62DF18B696DC00EC0773 /* PBXTargetDependency */,
			);
			name = "Visual SchedulerTests";
			productName = "Visual SchedulerTests";
			productReference = D83A62D918B696DC00EC0773 /* Visual SchedulerTests.xctest */;
			productType = "com.apple.product-type.bundle.unit-test";
		};
/* End PBXNativeTarget section */

/* Begin PBXProject section */
		D83A62B018B696DB00EC0773 /* Project object */ = {
			isa = PBXProject;
			attributes = {
				LastUpgradeCheck = 0500;
				ORGANIZATIONNAME = "Student Project";
				TargetAttributes = {
					D83A62D818B696DC00EC0773 = {
						TestTargetID = D83A62B718B696DC00EC0773;
					};
				};
			};
			buildConfigurationList = D83A62B318B696DB00EC0773 /* Build configuration list for PBXProject "Visual Scheduler" */;
			compatibilityVersion = "Xcode 3.2";
			developmentRegion = English;
			hasScannedForEncodings = 0;
			knownRegions = (
				en,
				Base,
			);
			mainGroup = D83A62AF18B696DB00EC0773;
			productRefGroup = D83A62B918B696DC00EC0773 /* Products */;
			projectDirPath = "";
			projectRoot = "";
			targets = (
				D83A62B718B696DC00EC0773 /* Visual Scheduler */,
				D83A62D818B696DC00EC0773 /* Visual SchedulerTests */,
			);
		};
/* End PBXProject section */

/* Begin PBXResourcesBuildPhase section */
		D83A62B618B696DC00EC0773 /* Resources */ = {
			isa = PBXResourcesBuildPhase;
			buildActionMask = 2147483647;
			files = (
				D83A62D418B696DC00EC0773 /* Images.xcassets in Resources */,
				D83A62FA18B69D8600EC0773 /* beer.png in Resources */,
				D83A62C618B696DC00EC0773 /* InfoPlist.strings in Resources */,
				D83A62CF18B696DC00EC0773 /* Main.storyboard in Resources */,
				D82E748618B7E49C0031BF2B /* milk.png in Resources */,
				D83A62FD18B6D6E900EC0773 /* Bee.png in Resources */,
			);
			runOnlyForDeploymentPostprocessing = 0;
		};
		D83A62D718B696DC00EC0773 /* Resources */ = {
			isa = PBXResourcesBuildPhase;
			buildActionMask = 2147483647;
			files = (
				D83A62E518B696DC00EC0773 /* InfoPlist.strings in Resources */,
			);
			runOnlyForDeploymentPostprocessing = 0;
		};
/* End PBXResourcesBuildPhase section */

/* Begin PBXSourcesBuildPhase section */
		D83A62B418B696DC00EC0773 /* Sources */ = {
			isa = PBXSourcesBuildPhase;
			buildActionMask = 2147483647;
			files = (
				D8ED7F9718B77771007A7315 /* CoreData.xcdatamodeld in Sources */,
				D82E748A18B7E97E0031BF2B /* Tag.m in Sources */,
				D82E748D18B7E97E0031BF2B /* Pictogram.m in Sources */,
				D83A62F618B69BEC00EC0773 /* SearchViewController.m in Sources */,
				D83A62CC18B696DC00EC0773 /* AppDelegate.m in Sources */,
				D83A62C818B696DC00EC0773 /* main.m in Sources */,
				D8B49E6718B823A000788073 /* TagManagementViewController.m in Sources */,
			);
			runOnlyForDeploymentPostprocessing = 0;
		};
		D83A62D518B696DC00EC0773 /* Sources */ = {
			isa = PBXSourcesBuildPhase;
			buildActionMask = 2147483647;
			files = (
				D8B49E6218B8141E00788073 /* SearchViewControllerTests.m in Sources */,
				D8B49E6318B8143600788073 /* SearchViewController.m in Sources */,
			);
			runOnlyForDeploymentPostprocessing = 0;
		};
/* End PBXSourcesBuildPhase section */

/* Begin PBXTargetDependency section */
		D83A62DF18B696DC00EC0773 /* PBXTargetDependency */ = {
			isa = PBXTargetDependency;
			target = D83A62B718B696DC00EC0773 /* Visual Scheduler */;
			targetProxy = D83A62DE18B696DC00EC0773 /* PBXContainerItemProxy */;
		};
/* End PBXTargetDependency section */

/* Begin PBXVariantGroup section */
		D83A62C418B696DC00EC0773 /* InfoPlist.strings */ = {
			isa = PBXVariantGroup;
			children = (
				D83A62C518B696DC00EC0773 /* en */,
			);
			name = InfoPlist.strings;
			sourceTree = "<group>";
		};
		D83A62CD18B696DC00EC0773 /* Main.storyboard */ = {
			isa = PBXVariantGroup;
			children = (
				D83A62CE18B696DC00EC0773 /* Base */,
			);
			name = Main.storyboard;
			sourceTree = "<group>";
		};
		D83A62E318B696DC00EC0773 /* InfoPlist.strings */ = {
			isa = PBXVariantGroup;
			children = (
				D83A62E418B696DC00EC0773 /* en */,
			);
			name = InfoPlist.strings;
			sourceTree = "<group>";
		};
/* End PBXVariantGroup section */

/* Begin XCBuildConfiguration section */
		D83A62E818B696DC00EC0773 /* Debug */ = {
			isa = XCBuildConfiguration;
			buildSettings = {
				ALWAYS_SEARCH_USER_PATHS = NO;
				ARCHS = "$(ARCHS_STANDARD_INCLUDING_64_BIT)";
				CLANG_CXX_LANGUAGE_STANDARD = "gnu++0x";
				CLANG_CXX_LIBRARY = "libc++";
				CLANG_ENABLE_MODULES = YES;
				CLANG_ENABLE_OBJC_ARC = YES;
				CLANG_WARN_BOOL_CONVERSION = YES;
				CLANG_WARN_CONSTANT_CONVERSION = YES;
				CLANG_WARN_DIRECT_OBJC_ISA_USAGE = YES_ERROR;
				CLANG_WARN_EMPTY_BODY = YES;
				CLANG_WARN_ENUM_CONVERSION = YES;
				CLANG_WARN_INT_CONVERSION = YES;
				CLANG_WARN_OBJC_ROOT_CLASS = YES_ERROR;
				CLANG_WARN__DUPLICATE_METHOD_MATCH = YES;
				"CODE_SIGN_IDENTITY[sdk=iphoneos*]" = "iPhone Developer";
				COPY_PHASE_STRIP = NO;
				GCC_C_LANGUAGE_STANDARD = gnu99;
				GCC_DYNAMIC_NO_PIC = NO;
				GCC_OPTIMIZATION_LEVEL = 0;
				GCC_PREPROCESSOR_DEFINITIONS = (
					"DEBUG=1",
					"$(inherited)",
				);
				GCC_SYMBOLS_PRIVATE_EXTERN = NO;
				GCC_WARN_64_TO_32_BIT_CONVERSION = YES;
				GCC_WARN_ABOUT_RETURN_TYPE = YES_ERROR;
				GCC_WARN_UNDECLARED_SELECTOR = YES;
				GCC_WARN_UNINITIALIZED_AUTOS = YES;
				GCC_WARN_UNUSED_FUNCTION = YES;
				GCC_WARN_UNUSED_VARIABLE = YES;
				IPHONEOS_DEPLOYMENT_TARGET = 7.0;
				ONLY_ACTIVE_ARCH = YES;
				SDKROOT = iphoneos;
				TARGETED_DEVICE_FAMILY = 2;
			};
			name = Debug;
		};
		D83A62E918B696DC00EC0773 /* Release */ = {
			isa = XCBuildConfiguration;
			buildSettings = {
				ALWAYS_SEARCH_USER_PATHS = NO;
				ARCHS = "$(ARCHS_STANDARD_INCLUDING_64_BIT)";
				CLANG_CXX_LANGUAGE_STANDARD = "gnu++0x";
				CLANG_CXX_LIBRARY = "libc++";
				CLANG_ENABLE_MODULES = YES;
				CLANG_ENABLE_OBJC_ARC = YES;
				CLANG_WARN_BOOL_CONVERSION = YES;
				CLANG_WARN_CONSTANT_CONVERSION = YES;
				CLANG_WARN_DIRECT_OBJC_ISA_USAGE = YES_ERROR;
				CLANG_WARN_EMPTY_BODY = YES;
				CLANG_WARN_ENUM_CONVERSION = YES;
				CLANG_WARN_INT_CONVERSION = YES;
				CLANG_WARN_OBJC_ROOT_CLASS = YES_ERROR;
				CLANG_WARN__DUPLICATE_METHOD_MATCH = YES;
				"CODE_SIGN_IDENTITY[sdk=iphoneos*]" = "iPhone Developer";
				COPY_PHASE_STRIP = YES;
				ENABLE_NS_ASSERTIONS = NO;
				GCC_C_LANGUAGE_STANDARD = gnu99;
				GCC_WARN_64_TO_32_BIT_CONVERSION = YES;
				GCC_WARN_ABOUT_RETURN_TYPE = YES_ERROR;
				GCC_WARN_UNDECLARED_SELECTOR = YES;
				GCC_WARN_UNINITIALIZED_AUTOS = YES;
				GCC_WARN_UNUSED_FUNCTION = YES;
				GCC_WARN_UNUSED_VARIABLE = YES;
				IPHONEOS_DEPLOYMENT_TARGET = 7.0;
				SDKROOT = iphoneos;
				TARGETED_DEVICE_FAMILY = 2;
				VALIDATE_PRODUCT = YES;
			};
			name = Release;
		};
		D83A62EB18B696DC00EC0773 /* Debug */ = {
			isa = XCBuildConfiguration;
			buildSettings = {
				ASSETCATALOG_COMPILER_APPICON_NAME = AppIcon;
				ASSETCATALOG_COMPILER_LAUNCHIMAGE_NAME = LaunchImage;
				GCC_PRECOMPILE_PREFIX_HEADER = YES;
				GCC_PREFIX_HEADER = "Visual Scheduler/Visual Scheduler-Prefix.pch";
				INFOPLIST_FILE = "Visual Scheduler/Visual Scheduler-Info.plist";
				PRODUCT_NAME = "$(TARGET_NAME)";
				WRAPPER_EXTENSION = app;
			};
			name = Debug;
		};
		D83A62EC18B696DC00EC0773 /* Release */ = {
			isa = XCBuildConfiguration;
			buildSettings = {
				ASSETCATALOG_COMPILER_APPICON_NAME = AppIcon;
				ASSETCATALOG_COMPILER_LAUNCHIMAGE_NAME = LaunchImage;
				GCC_PRECOMPILE_PREFIX_HEADER = YES;
				GCC_PREFIX_HEADER = "Visual Scheduler/Visual Scheduler-Prefix.pch";
				INFOPLIST_FILE = "Visual Scheduler/Visual Scheduler-Info.plist";
				PRODUCT_NAME = "$(TARGET_NAME)";
				WRAPPER_EXTENSION = app;
			};
			name = Release;
		};
		D83A62EE18B696DC00EC0773 /* Debug */ = {
			isa = XCBuildConfiguration;
			buildSettings = {
				ARCHS = "$(ARCHS_STANDARD_INCLUDING_64_BIT)";
				BUNDLE_LOADER = "$(BUILT_PRODUCTS_DIR)/Visual Scheduler.app/Visual Scheduler";
				FRAMEWORK_SEARCH_PATHS = (
					"$(SDKROOT)/Developer/Library/Frameworks",
					"$(inherited)",
					"$(DEVELOPER_FRAMEWORKS_DIR)",
				);
				GCC_PRECOMPILE_PREFIX_HEADER = YES;
				GCC_PREFIX_HEADER = "Visual Scheduler/Visual Scheduler-Prefix.pch";
				GCC_PREPROCESSOR_DEFINITIONS = (
					"DEBUG=1",
					"$(inherited)",
				);
				INFOPLIST_FILE = "Visual SchedulerTests/Visual SchedulerTests-Info.plist";
				PRODUCT_NAME = "$(TARGET_NAME)";
				TEST_HOST = "$(BUNDLE_LOADER)";
				WRAPPER_EXTENSION = xctest;
			};
			name = Debug;
		};
		D83A62EF18B696DC00EC0773 /* Release */ = {
			isa = XCBuildConfiguration;
			buildSettings = {
				ARCHS = "$(ARCHS_STANDARD_INCLUDING_64_BIT)";
				BUNDLE_LOADER = "$(BUILT_PRODUCTS_DIR)/Visual Scheduler.app/Visual Scheduler";
				FRAMEWORK_SEARCH_PATHS = (
					"$(SDKROOT)/Developer/Library/Frameworks",
					"$(inherited)",
					"$(DEVELOPER_FRAMEWORKS_DIR)",
				);
				GCC_PRECOMPILE_PREFIX_HEADER = YES;
				GCC_PREFIX_HEADER = "Visual Scheduler/Visual Scheduler-Prefix.pch";
				INFOPLIST_FILE = "Visual SchedulerTests/Visual SchedulerTests-Info.plist";
				PRODUCT_NAME = "$(TARGET_NAME)";
				TEST_HOST = "$(BUNDLE_LOADER)";
				WRAPPER_EXTENSION = xctest;
			};
			name = Release;
		};
/* End XCBuildConfiguration section */

/* Begin XCConfigurationList section */
		D83A62B318B696DB00EC0773 /* Build configuration list for PBXProject "Visual Scheduler" */ = {
			isa = XCConfigurationList;
			buildConfigurations = (
				D83A62E818B696DC00EC0773 /* Debug */,
				D83A62E918B696DC00EC0773 /* Release */,
			);
			defaultConfigurationIsVisible = 0;
			defaultConfigurationName = Release;
		};
		D83A62EA18B696DC00EC0773 /* Build configuration list for PBXNativeTarget "Visual Scheduler" */ = {
			isa = XCConfigurationList;
			buildConfigurations = (
				D83A62EB18B696DC00EC0773 /* Debug */,
				D83A62EC18B696DC00EC0773 /* Release */,
			);
			defaultConfigurationIsVisible = 0;
			defaultConfigurationName = Release;
		};
		D83A62ED18B696DC00EC0773 /* Build configuration list for PBXNativeTarget "Visual SchedulerTests" */ = {
			isa = XCConfigurationList;
			buildConfigurations = (
				D83A62EE18B696DC00EC0773 /* Debug */,
				D83A62EF18B696DC00EC0773 /* Release */,
			);
			defaultConfigurationIsVisible = 0;
			defaultConfigurationName = Release;
		};
/* End XCConfigurationList section */

/* Begin XCVersionGroup section */
		D8ED7F9518B77771007A7315 /* CoreData.xcdatamodeld */ = {
			isa = XCVersionGroup;
			children = (
				D82E748718B7E8220031BF2B /* CoreData 2.xcdatamodel */,
				D8ED7F9618B77771007A7315 /* CoreData.xcdatamodel */,
			);
			currentVersion = D82E748718B7E8220031BF2B /* CoreData 2.xcdatamodel */;
			name = CoreData.xcdatamodeld;
			path = "Visual Scheduler/CoreData.xcdatamodeld";
			sourceTree = "<group>";
			versionGroupType = wrapper.xcdatamodel;
		};
/* End XCVersionGroup section */
	};
	rootObject = D83A62B018B696DB00EC0773 /* Project object */;
}
