// !$*UTF8*$!
{
	archiveVersion = 1;
	classes = {
	};
	objectVersion = 46;
	objects = {

/* Begin PBXBuildFile section */
		6833530218D9E14F0027A507 /* BBAServiceProvider.m in Sources */ = {isa = PBXBuildFile; fileRef = 6833530118D9E14F0027A507 /* BBAServiceProvider.m */; };
		D800896618DC6946003EFD7E /* BBAScheduleOverviewViewController.m in Sources */ = {isa = PBXBuildFile; fileRef = D85EA1A818C4B12300ACDBD6 /* BBAScheduleOverviewViewController.m */; };
		D800896718DC694D003EFD7E /* BBAScheduleOverviewViewController.m in Sources */ = {isa = PBXBuildFile; fileRef = D85EA1A818C4B12300ACDBD6 /* BBAScheduleOverviewViewController.m */; };
		D813A9D118D38BA100D3515A /* MockScheduleOverviewViewController.m in Sources */ = {isa = PBXBuildFile; fileRef = D8EC7D5518CA63C500B6A673 /* MockScheduleOverviewViewController.m */; };
		D82838AF18D5B850009C03A8 /* UIImage+BBA.m in Sources */ = {isa = PBXBuildFile; fileRef = D82838AE18D5B850009C03A8 /* UIImage+BBA.m */; };
		D82838B318D5B9DF009C03A8 /* UIApplication+BBA.m in Sources */ = {isa = PBXBuildFile; fileRef = D82838B218D5B9DF009C03A8 /* UIApplication+BBA.m */; };
		D82838B518D5BA39009C03A8 /* UIApplicationTests.m in Sources */ = {isa = PBXBuildFile; fileRef = D82838B418D5BA39009C03A8 /* UIApplicationTests.m */; };
		D829DDAA18E191C00039A449 /* vs.sqlite3 in Resources */ = {isa = PBXBuildFile; fileRef = D829DDA918E191C00039A449 /* vs.sqlite3 */; };
		D82D5FD418C616A6000A8FD3 /* UIView+BBASubviews.m in Sources */ = {isa = PBXBuildFile; fileRef = D82D5FD318C616A6000A8FD3 /* UIView+BBASubviews.m */; };
		D8315AF418D39DEA00C4A340 /* Camera.m in Sources */ = {isa = PBXBuildFile; fileRef = D8315AF218D39DEA00C4A340 /* Camera.m */; };
		D8315B0018D39E0600C4A340 /* CameraTests.m in Sources */ = {isa = PBXBuildFile; fileRef = D8315AF818D39E0600C4A340 /* CameraTests.m */; };
		D83A62BC18B696DC00EC0773 /* Foundation.framework in Frameworks */ = {isa = PBXBuildFile; fileRef = D83A62BB18B696DC00EC0773 /* Foundation.framework */; };
		D83A62BE18B696DC00EC0773 /* CoreGraphics.framework in Frameworks */ = {isa = PBXBuildFile; fileRef = D83A62BD18B696DC00EC0773 /* CoreGraphics.framework */; };
		D83A62C018B696DC00EC0773 /* UIKit.framework in Frameworks */ = {isa = PBXBuildFile; fileRef = D83A62BF18B696DC00EC0773 /* UIKit.framework */; };
		D83A62C618B696DC00EC0773 /* InfoPlist.strings in Resources */ = {isa = PBXBuildFile; fileRef = D83A62C418B696DC00EC0773 /* InfoPlist.strings */; };
		D83A62C818B696DC00EC0773 /* main.m in Sources */ = {isa = PBXBuildFile; fileRef = D83A62C718B696DC00EC0773 /* main.m */; };
		D83A62D418B696DC00EC0773 /* Images.xcassets in Resources */ = {isa = PBXBuildFile; fileRef = D83A62D318B696DC00EC0773 /* Images.xcassets */; };
		D83A62DB18B696DC00EC0773 /* XCTest.framework in Frameworks */ = {isa = PBXBuildFile; fileRef = D83A62DA18B696DC00EC0773 /* XCTest.framework */; };
		D83A62DC18B696DC00EC0773 /* Foundation.framework in Frameworks */ = {isa = PBXBuildFile; fileRef = D83A62BB18B696DC00EC0773 /* Foundation.framework */; };
		D83A62DD18B696DC00EC0773 /* UIKit.framework in Frameworks */ = {isa = PBXBuildFile; fileRef = D83A62BF18B696DC00EC0773 /* UIKit.framework */; };
		D83A62E518B696DC00EC0773 /* InfoPlist.strings in Resources */ = {isa = PBXBuildFile; fileRef = D83A62E318B696DC00EC0773 /* InfoPlist.strings */; };
		D850E82618C86F420051CD51 /* MobileCoreServices.framework in Frameworks */ = {isa = PBXBuildFile; fileRef = D850E82518C86F420051CD51 /* MobileCoreServices.framework */; };
		D850E82B18C87C3D0051CD51 /* MockManagedObjectContext.m in Sources */ = {isa = PBXBuildFile; fileRef = D850E82A18C87C3D0051CD51 /* MockManagedObjectContext.m */; };
		D850E82C18C885230051CD51 /* Main.storyboard in Resources */ = {isa = PBXBuildFile; fileRef = D83A62CD18B696DC00EC0773 /* Main.storyboard */; };
		D850E82F18C88E7E0051CD51 /* MockViewController.m in Sources */ = {isa = PBXBuildFile; fileRef = D850E82E18C88E7E0051CD51 /* MockViewController.m */; };
		D8534F7D18DDB51D0055FA93 /* BBAShowScheduleCollectionViewController.m in Sources */ = {isa = PBXBuildFile; fileRef = D8534F7C18DDB51D0055FA93 /* BBAShowScheduleCollectionViewController.m */; };
		D853A80E18E1DD3C0031E986 /* SQLiteStore.m in Sources */ = {isa = PBXBuildFile; fileRef = D853A80D18E1DD3C0031E986 /* SQLiteStore.m */; };
		D853A81018E1DD600031E986 /* SQLiteStoreTests.m in Sources */ = {isa = PBXBuildFile; fileRef = D853A80F18E1DD600031E986 /* SQLiteStoreTests.m */; };
		D853A81218E1E0280031E986 /* libsqlite3.dylib in Frameworks */ = {isa = PBXBuildFile; fileRef = D853A81118E1E0280031E986 /* libsqlite3.dylib */; };
		D85EBDC818DC6B7700DF76B7 /* MockCameraDelegate.m in Sources */ = {isa = PBXBuildFile; fileRef = D8315AFC18D39E0600C4A340 /* MockCameraDelegate.m */; };
		D85EBDD118DC804400DF76B7 /* brushteeth.png in Resources */ = {isa = PBXBuildFile; fileRef = D85EBDCA18DC804400DF76B7 /* brushteeth.png */; };
		D85EBDD218DC804400DF76B7 /* eat.png in Resources */ = {isa = PBXBuildFile; fileRef = D85EBDCB18DC804400DF76B7 /* eat.png */; };
		D85EBDD318DC804400DF76B7 /* karate.png in Resources */ = {isa = PBXBuildFile; fileRef = D85EBDCC18DC804400DF76B7 /* karate.png */; };
		D85EBDD418DC804400DF76B7 /* play.png in Resources */ = {isa = PBXBuildFile; fileRef = D85EBDCD18DC804400DF76B7 /* play.png */; };
		D85EBDD518DC804400DF76B7 /* preparetable.png in Resources */ = {isa = PBXBuildFile; fileRef = D85EBDCE18DC804400DF76B7 /* preparetable.png */; };
		D85EBDD618DC804400DF76B7 /* toilet.png in Resources */ = {isa = PBXBuildFile; fileRef = D85EBDCF18DC804400DF76B7 /* toilet.png */; };
		D85EBDD718DC804400DF76B7 /* washhands.png in Resources */ = {isa = PBXBuildFile; fileRef = D85EBDD018DC804400DF76B7 /* washhands.png */; };
		D85EBDDA18DC833A00DF76B7 /* BBAColor.m in Sources */ = {isa = PBXBuildFile; fileRef = D85EBDD918DC833A00DF76B7 /* BBAColor.m */; };
		D85EBDDF18DC83B200DF76B7 /* BBAColor.m in Sources */ = {isa = PBXBuildFile; fileRef = D85EBDD918DC833A00DF76B7 /* BBAColor.m */; };
		D878CAEB18DC868400DD1885 /* BBAColourTests.m in Sources */ = {isa = PBXBuildFile; fileRef = D85EBDDC18DC839300DF76B7 /* BBAColourTests.m */; };
		D8805F3F18C5DD01001BD35B /* BBANewPictogramViewController.m in Sources */ = {isa = PBXBuildFile; fileRef = D8805F3E18C5DD01001BD35B /* BBANewPictogramViewController.m */; };
		D8805F4718C5E456001BD35B /* BBASelectPictogramViewController.m in Sources */ = {isa = PBXBuildFile; fileRef = D8805F4618C5E456001BD35B /* BBASelectPictogramViewController.m */; };
		D887832E18C8E33300F13B28 /* BBAScheduleOverviewViewControllerTests.m in Sources */ = {isa = PBXBuildFile; fileRef = D887832D18C8E33300F13B28 /* BBAScheduleOverviewViewControllerTests.m */; };
		D889F7EA18C90506008A497F /* BBAScheduleTableDataSource.m in Sources */ = {isa = PBXBuildFile; fileRef = D889F7E918C90506008A497F /* BBAScheduleTableDataSource.m */; };
		D889F7EE18C9249A008A497F /* AppDelegate.m in Sources */ = {isa = PBXBuildFile; fileRef = D83A62CB18B696DC00EC0773 /* AppDelegate.m */; };
		D8D4011D18E4960D003F6F4F /* PictogramCollectionViewCell.m in Sources */ = {isa = PBXBuildFile; fileRef = D8D4011C18E4960D003F6F4F /* PictogramCollectionViewCell.m */; };
		D8DB7FF518C4DA2300BA2037 /* BBAAddScheduleViewController.m in Sources */ = {isa = PBXBuildFile; fileRef = D8DB7FF418C4DA2300BA2037 /* BBAAddScheduleViewController.m */; };
		D8DB7FFF18C50F4700BA2037 /* BBAShowScheduleViewController.m in Sources */ = {isa = PBXBuildFile; fileRef = D8DB7FFE18C50F4700BA2037 /* BBAShowScheduleViewController.m */; };
		D8DCC45118E2F520004794C9 /* testImage.png in Resources */ = {isa = PBXBuildFile; fileRef = D8DCC45018E2F520004794C9 /* testImage.png */; };
		D8DCC45218E2F57D004794C9 /* testImage.png in Resources */ = {isa = PBXBuildFile; fileRef = D8DCC45018E2F520004794C9 /* testImage.png */; };
		D8DCC45318E2F69D004794C9 /* vs.sqlite3 in Resources */ = {isa = PBXBuildFile; fileRef = D829DDA918E191C00039A449 /* vs.sqlite3 */; };
		D8E7A2C818CA52FE005F505C /* CoreData.framework in Frameworks */ = {isa = PBXBuildFile; fileRef = D8E7A2C718CA52FE005F505C /* CoreData.framework */; };
		D8EA05F918D3578900F5D01F /* CoreData.xcdatamodeld in Sources */ = {isa = PBXBuildFile; fileRef = D85E8CD418CA584200BB5F10 /* CoreData.xcdatamodeld */; };
		D8EB983118E33E4A00DA3A99 /* Repository.m in Sources */ = {isa = PBXBuildFile; fileRef = D8EB983018E33E4A00DA3A99 /* Repository.m */; };
		D8EB983418E33ECE00DA3A99 /* RepositoryTests.m in Sources */ = {isa = PBXBuildFile; fileRef = D8EB983318E33ECE00DA3A99 /* RepositoryTests.m */; };
		D8EB983718E340CF00DA3A99 /* Schedule.m in Sources */ = {isa = PBXBuildFile; fileRef = D8EB983618E340CF00DA3A99 /* Schedule.m */; };
		D8EB983B18E346DF00DA3A99 /* Pictogram.m in Sources */ = {isa = PBXBuildFile; fileRef = D8EB983A18E346DF00DA3A99 /* Pictogram.m */; };
		D8EC7D5318CA61E500B6A673 /* MockTableView.m in Sources */ = {isa = PBXBuildFile; fileRef = D8EC7D5218CA61E500B6A673 /* MockTableView.m */; };
/* End PBXBuildFile section */

/* Begin PBXContainerItemProxy section */
		D83A62DE18B696DC00EC0773 /* PBXContainerItemProxy */ = {
			isa = PBXContainerItemProxy;
			containerPortal = D83A62B018B696DB00EC0773 /* Project object */;
			proxyType = 1;
			remoteGlobalIDString = D83A62B718B696DC00EC0773;
			remoteInfo = "Visual Scheduler";
		};
/* End PBXContainerItemProxy section */

/* Begin PBXFileReference section */
		683352F718D9DCB60027A507 /* BBAModel.h */ = {isa = PBXFileReference; fileEncoding = 4; lastKnownFileType = sourcecode.c.h; path = BBAModel.h; sourceTree = "<group>"; };
		683352F818D9DCB60027A507 /* BBAModel.m */ = {isa = PBXFileReference; fileEncoding = 4; lastKnownFileType = sourcecode.c.objc; path = BBAModel.m; sourceTree = "<group>"; };
		683352FA18D9DDA10027A507 /* BBAStore.h */ = {isa = PBXFileReference; fileEncoding = 4; lastKnownFileType = sourcecode.c.h; path = BBAStore.h; sourceTree = "<group>"; };
		683352FB18D9DDA10027A507 /* BBAStore.m */ = {isa = PBXFileReference; fileEncoding = 4; lastKnownFileType = sourcecode.c.objc; path = BBAStore.m; sourceTree = "<group>"; };
		683352FD18D9DDF70027A507 /* BBAContext.h */ = {isa = PBXFileReference; fileEncoding = 4; lastKnownFileType = sourcecode.c.h; path = BBAContext.h; sourceTree = "<group>"; };
		683352FE18D9DDF70027A507 /* BBAContext.m */ = {isa = PBXFileReference; fileEncoding = 4; lastKnownFileType = sourcecode.c.objc; path = BBAContext.m; sourceTree = "<group>"; };
		6833530018D9E14F0027A507 /* BBAServiceProvider.h */ = {isa = PBXFileReference; fileEncoding = 4; lastKnownFileType = sourcecode.c.h; path = BBAServiceProvider.h; sourceTree = "<group>"; };
		6833530118D9E14F0027A507 /* BBAServiceProvider.m */ = {isa = PBXFileReference; fileEncoding = 4; lastKnownFileType = sourcecode.c.objc; path = BBAServiceProvider.m; sourceTree = "<group>"; };
		D813A9D918D3995700D3515A /* Visual Scheduler-Prefix.pch */ = {isa = PBXFileReference; fileEncoding = 4; lastKnownFileType = sourcecode.c.h; path = "Visual Scheduler-Prefix.pch"; sourceTree = "<group>"; };
		D81AAA1E18B94F0A00E3B50C /* AVFoundation.framework */ = {isa = PBXFileReference; lastKnownFileType = wrapper.framework; name = AVFoundation.framework; path = System/Library/Frameworks/AVFoundation.framework; sourceTree = SDKROOT; };
		D82838AD18D5B850009C03A8 /* UIImage+BBA.h */ = {isa = PBXFileReference; fileEncoding = 4; lastKnownFileType = sourcecode.c.h; name = "UIImage+BBA.h"; path = "Visual Scheduler/Category/UIImage+BBA.h"; sourceTree = "<group>"; };
		D82838AE18D5B850009C03A8 /* UIImage+BBA.m */ = {isa = PBXFileReference; fileEncoding = 4; lastKnownFileType = sourcecode.c.objc; name = "UIImage+BBA.m"; path = "Visual Scheduler/Category/UIImage+BBA.m"; sourceTree = "<group>"; };
		D82838B118D5B9DF009C03A8 /* UIApplication+BBA.h */ = {isa = PBXFileReference; fileEncoding = 4; lastKnownFileType = sourcecode.c.h; name = "UIApplication+BBA.h"; path = "Visual Scheduler/Category/UIApplication+BBA.h"; sourceTree = "<group>"; };
		D82838B218D5B9DF009C03A8 /* UIApplication+BBA.m */ = {isa = PBXFileReference; fileEncoding = 4; lastKnownFileType = sourcecode.c.objc; name = "UIApplication+BBA.m"; path = "Visual Scheduler/Category/UIApplication+BBA.m"; sourceTree = "<group>"; };
		D82838B418D5BA39009C03A8 /* UIApplicationTests.m */ = {isa = PBXFileReference; fileEncoding = 4; lastKnownFileType = sourcecode.c.objc; name = UIApplicationTests.m; path = "Visual SchedulerTests/UIApplicationTests.m"; sourceTree = "<group>"; };
		D829DDA918E191C00039A449 /* vs.sqlite3 */ = {isa = PBXFileReference; lastKnownFileType = file; path = vs.sqlite3; sourceTree = "<group>"; };
		D82D5FD218C616A6000A8FD3 /* UIView+BBASubviews.h */ = {isa = PBXFileReference; fileEncoding = 4; lastKnownFileType = sourcecode.c.h; name = "UIView+BBASubviews.h"; path = "Visual Scheduler/Category/UIView+BBASubviews.h"; sourceTree = "<group>"; };
		D82D5FD318C616A6000A8FD3 /* UIView+BBASubviews.m */ = {isa = PBXFileReference; fileEncoding = 4; lastKnownFileType = sourcecode.c.objc; name = "UIView+BBASubviews.m"; path = "Visual Scheduler/Category/UIView+BBASubviews.m"; sourceTree = "<group>"; };
		D8315AF118D39DEA00C4A340 /* Camera.h */ = {isa = PBXFileReference; fileEncoding = 4; lastKnownFileType = sourcecode.c.h; path = Camera.h; sourceTree = "<group>"; };
		D8315AF218D39DEA00C4A340 /* Camera.m */ = {isa = PBXFileReference; fileEncoding = 4; lastKnownFileType = sourcecode.c.objc; path = Camera.m; sourceTree = "<group>"; };
		D8315AF318D39DEA00C4A340 /* CameraDelegate.h */ = {isa = PBXFileReference; fileEncoding = 4; lastKnownFileType = sourcecode.c.h; path = CameraDelegate.h; sourceTree = "<group>"; };
		D8315AF818D39E0600C4A340 /* CameraTests.m */ = {isa = PBXFileReference; fileEncoding = 4; lastKnownFileType = sourcecode.c.objc; path = CameraTests.m; sourceTree = "<group>"; };
		D8315AFB18D39E0600C4A340 /* MockCameraDelegate.h */ = {isa = PBXFileReference; fileEncoding = 4; lastKnownFileType = sourcecode.c.h; path = MockCameraDelegate.h; sourceTree = "<group>"; };
		D8315AFC18D39E0600C4A340 /* MockCameraDelegate.m */ = {isa = PBXFileReference; fileEncoding = 4; lastKnownFileType = sourcecode.c.objc; path = MockCameraDelegate.m; sourceTree = "<group>"; };
		D83A62B818B696DC00EC0773 /* Visual Scheduler.app */ = {isa = PBXFileReference; explicitFileType = wrapper.application; includeInIndex = 0; path = "Visual Scheduler.app"; sourceTree = BUILT_PRODUCTS_DIR; };
		D83A62BB18B696DC00EC0773 /* Foundation.framework */ = {isa = PBXFileReference; lastKnownFileType = wrapper.framework; name = Foundation.framework; path = System/Library/Frameworks/Foundation.framework; sourceTree = SDKROOT; };
		D83A62BD18B696DC00EC0773 /* CoreGraphics.framework */ = {isa = PBXFileReference; lastKnownFileType = wrapper.framework; name = CoreGraphics.framework; path = System/Library/Frameworks/CoreGraphics.framework; sourceTree = SDKROOT; };
		D83A62BF18B696DC00EC0773 /* UIKit.framework */ = {isa = PBXFileReference; lastKnownFileType = wrapper.framework; name = UIKit.framework; path = System/Library/Frameworks/UIKit.framework; sourceTree = SDKROOT; };
		D83A62C318B696DC00EC0773 /* Visual Scheduler-Info.plist */ = {isa = PBXFileReference; lastKnownFileType = text.plist.xml; path = "Visual Scheduler-Info.plist"; sourceTree = "<group>"; };
		D83A62C518B696DC00EC0773 /* en */ = {isa = PBXFileReference; lastKnownFileType = text.plist.strings; name = en; path = en.lproj/InfoPlist.strings; sourceTree = "<group>"; };
		D83A62C718B696DC00EC0773 /* main.m */ = {isa = PBXFileReference; lastKnownFileType = sourcecode.c.objc; path = main.m; sourceTree = "<group>"; };
		D83A62C918B696DC00EC0773 /* Visual Scheduler-Prefix.pch */ = {isa = PBXFileReference; lastKnownFileType = sourcecode.c.h; path = "Visual Scheduler-Prefix.pch"; sourceTree = "<group>"; };
		D83A62CA18B696DC00EC0773 /* AppDelegate.h */ = {isa = PBXFileReference; lastKnownFileType = sourcecode.c.h; path = AppDelegate.h; sourceTree = "<group>"; };
		D83A62CB18B696DC00EC0773 /* AppDelegate.m */ = {isa = PBXFileReference; lastKnownFileType = sourcecode.c.objc; path = AppDelegate.m; sourceTree = "<group>"; };
		D83A62CE18B696DC00EC0773 /* Base */ = {isa = PBXFileReference; lastKnownFileType = file.storyboard; name = Base; path = Base.lproj/Main.storyboard; sourceTree = "<group>"; };
		D83A62D318B696DC00EC0773 /* Images.xcassets */ = {isa = PBXFileReference; lastKnownFileType = folder.assetcatalog; path = Images.xcassets; sourceTree = "<group>"; };
		D83A62D918B696DC00EC0773 /* Visual SchedulerTests.xctest */ = {isa = PBXFileReference; explicitFileType = wrapper.cfbundle; includeInIndex = 0; path = "Visual SchedulerTests.xctest"; sourceTree = BUILT_PRODUCTS_DIR; };
		D83A62DA18B696DC00EC0773 /* XCTest.framework */ = {isa = PBXFileReference; lastKnownFileType = wrapper.framework; name = XCTest.framework; path = Library/Frameworks/XCTest.framework; sourceTree = DEVELOPER_DIR; };
		D83A62E218B696DC00EC0773 /* Visual SchedulerTests-Info.plist */ = {isa = PBXFileReference; lastKnownFileType = text.plist.xml; path = "Visual SchedulerTests-Info.plist"; sourceTree = "<group>"; };
		D83A62E418B696DC00EC0773 /* en */ = {isa = PBXFileReference; lastKnownFileType = text.plist.strings; name = en; path = en.lproj/InfoPlist.strings; sourceTree = "<group>"; };
		D83A62F418B69BEC00EC0773 /* SearchViewController.h */ = {isa = PBXFileReference; fileEncoding = 4; lastKnownFileType = sourcecode.c.h; name = SearchViewController.h; path = Controllers/SearchViewController.h; sourceTree = "<group>"; };
		D83A62F518B69BEC00EC0773 /* SearchViewController.m */ = {isa = PBXFileReference; fileEncoding = 4; lastKnownFileType = sourcecode.c.objc; name = SearchViewController.m; path = Controllers/SearchViewController.m; sourceTree = "<group>"; };
		D83A62FB18B6B69E00EC0773 /* ContainsImageAsData.h */ = {isa = PBXFileReference; lastKnownFileType = sourcecode.c.h; name = ContainsImageAsData.h; path = Protocols/ContainsImageAsData.h; sourceTree = "<group>"; };
		D850E82518C86F420051CD51 /* MobileCoreServices.framework */ = {isa = PBXFileReference; lastKnownFileType = wrapper.framework; name = MobileCoreServices.framework; path = System/Library/Frameworks/MobileCoreServices.framework; sourceTree = SDKROOT; };
		D850E82718C8746A0051CD51 /* BBAShowScheduleViewControllerTests.m */ = {isa = PBXFileReference; fileEncoding = 4; lastKnownFileType = sourcecode.c.objc; name = BBAShowScheduleViewControllerTests.m; path = "Visual SchedulerTests/BBAShowScheduleViewControllerTests.m"; sourceTree = SOURCE_ROOT; };
		D850E82918C87C3D0051CD51 /* MockManagedObjectContext.h */ = {isa = PBXFileReference; fileEncoding = 4; lastKnownFileType = sourcecode.c.h; name = MockManagedObjectContext.h; path = "Visual SchedulerTests/MockManagedObjectContext.h"; sourceTree = SOURCE_ROOT; };
		D850E82A18C87C3D0051CD51 /* MockManagedObjectContext.m */ = {isa = PBXFileReference; fileEncoding = 4; lastKnownFileType = sourcecode.c.objc; name = MockManagedObjectContext.m; path = "Visual SchedulerTests/MockManagedObjectContext.m"; sourceTree = SOURCE_ROOT; };
		D850E82D18C88E7E0051CD51 /* MockViewController.h */ = {isa = PBXFileReference; fileEncoding = 4; lastKnownFileType = sourcecode.c.h; path = MockViewController.h; sourceTree = "<group>"; };
		D850E82E18C88E7E0051CD51 /* MockViewController.m */ = {isa = PBXFileReference; fileEncoding = 4; lastKnownFileType = sourcecode.c.objc; path = MockViewController.m; sourceTree = "<group>"; };
		D850E83018C890F00051CD51 /* BBAShowScheduleViewController_BBAShowScheduleViewControllerPrivate.h */ = {isa = PBXFileReference; lastKnownFileType = sourcecode.c.h; name = BBAShowScheduleViewController_BBAShowScheduleViewControllerPrivate.h; path = "Visual SchedulerTests/BBAShowScheduleViewController_BBAShowScheduleViewControllerPrivate.h"; sourceTree = SOURCE_ROOT; };
		D8534F7B18DDB51D0055FA93 /* BBAShowScheduleCollectionViewController.h */ = {isa = PBXFileReference; fileEncoding = 4; lastKnownFileType = sourcecode.c.h; name = BBAShowScheduleCollectionViewController.h; path = "Controllers/Show Schedule/BBAShowScheduleCollectionViewController.h"; sourceTree = "<group>"; };
		D8534F7C18DDB51D0055FA93 /* BBAShowScheduleCollectionViewController.m */ = {isa = PBXFileReference; fileEncoding = 4; lastKnownFileType = sourcecode.c.objc; name = BBAShowScheduleCollectionViewController.m; path = "Controllers/Show Schedule/BBAShowScheduleCollectionViewController.m"; sourceTree = "<group>"; };
		D853A80B18E1DB850031E986 /* DataStoreProtocol.h */ = {isa = PBXFileReference; fileEncoding = 4; lastKnownFileType = sourcecode.c.h; name = DataStoreProtocol.h; path = "Visual Scheduler/Database/DataStoreProtocol.h"; sourceTree = "<group>"; };
		D853A80C18E1DD3C0031E986 /* SQLiteStore.h */ = {isa = PBXFileReference; fileEncoding = 4; lastKnownFileType = sourcecode.c.h; name = SQLiteStore.h; path = "Visual Scheduler/Database/SQLiteStore.h"; sourceTree = "<group>"; };
		D853A80D18E1DD3C0031E986 /* SQLiteStore.m */ = {isa = PBXFileReference; fileEncoding = 4; lastKnownFileType = sourcecode.c.objc; name = SQLiteStore.m; path = "Visual Scheduler/Database/SQLiteStore.m"; sourceTree = "<group>"; };
		D853A80F18E1DD600031E986 /* SQLiteStoreTests.m */ = {isa = PBXFileReference; fileEncoding = 4; lastKnownFileType = sourcecode.c.objc; name = SQLiteStoreTests.m; path = "Visual Scheduler/Database/SQLiteStoreTests.m"; sourceTree = "<group>"; };
		D853A81118E1E0280031E986 /* libsqlite3.dylib */ = {isa = PBXFileReference; lastKnownFileType = "compiled.mach-o.dylib"; name = libsqlite3.dylib; path = usr/lib/libsqlite3.dylib; sourceTree = SDKROOT; };
		D85E8CD518CA584200BB5F10 /* CoreData.xcdatamodel */ = {isa = PBXFileReference; lastKnownFileType = wrapper.xcdatamodel; path = CoreData.xcdatamodel; sourceTree = "<group>"; };
		D85EA1A718C4B12300ACDBD6 /* BBAScheduleOverviewViewController.h */ = {isa = PBXFileReference; fileEncoding = 4; lastKnownFileType = sourcecode.c.h; name = BBAScheduleOverviewViewController.h; path = Controllers/BBAScheduleOverviewViewController.h; sourceTree = "<group>"; };
		D85EA1A818C4B12300ACDBD6 /* BBAScheduleOverviewViewController.m */ = {isa = PBXFileReference; fileEncoding = 4; lastKnownFileType = sourcecode.c.objc; name = BBAScheduleOverviewViewController.m; path = Controllers/BBAScheduleOverviewViewController.m; sourceTree = "<group>"; };
		D85EBDCA18DC804400DF76B7 /* brushteeth.png */ = {isa = PBXFileReference; lastKnownFileType = image.png; path = brushteeth.png; sourceTree = "<group>"; };
		D85EBDCB18DC804400DF76B7 /* eat.png */ = {isa = PBXFileReference; lastKnownFileType = image.png; path = eat.png; sourceTree = "<group>"; };
		D85EBDCC18DC804400DF76B7 /* karate.png */ = {isa = PBXFileReference; lastKnownFileType = image.png; path = karate.png; sourceTree = "<group>"; };
		D85EBDCD18DC804400DF76B7 /* play.png */ = {isa = PBXFileReference; lastKnownFileType = image.png; path = play.png; sourceTree = "<group>"; };
		D85EBDCE18DC804400DF76B7 /* preparetable.png */ = {isa = PBXFileReference; lastKnownFileType = image.png; path = preparetable.png; sourceTree = "<group>"; };
		D85EBDCF18DC804400DF76B7 /* toilet.png */ = {isa = PBXFileReference; lastKnownFileType = image.png; path = toilet.png; sourceTree = "<group>"; };
		D85EBDD018DC804400DF76B7 /* washhands.png */ = {isa = PBXFileReference; lastKnownFileType = image.png; path = washhands.png; sourceTree = "<group>"; };
		D85EBDD818DC833A00DF76B7 /* BBAColor.h */ = {isa = PBXFileReference; fileEncoding = 4; lastKnownFileType = sourcecode.c.h; name = BBAColor.h; path = Components/BBAColor.h; sourceTree = "<group>"; };
		D85EBDD918DC833A00DF76B7 /* BBAColor.m */ = {isa = PBXFileReference; fileEncoding = 4; lastKnownFileType = sourcecode.c.objc; name = BBAColor.m; path = Components/BBAColor.m; sourceTree = "<group>"; };
		D85EBDDC18DC839300DF76B7 /* BBAColourTests.m */ = {isa = PBXFileReference; fileEncoding = 4; lastKnownFileType = sourcecode.c.objc; name = BBAColourTests.m; path = Components/BBAColourTests.m; sourceTree = "<group>"; };
		D8805F3D18C5DD01001BD35B /* BBANewPictogramViewController.h */ = {isa = PBXFileReference; fileEncoding = 4; lastKnownFileType = sourcecode.c.h; name = BBANewPictogramViewController.h; path = Controllers/BBANewPictogramViewController.h; sourceTree = "<group>"; };
		D8805F3E18C5DD01001BD35B /* BBANewPictogramViewController.m */ = {isa = PBXFileReference; fileEncoding = 4; lastKnownFileType = sourcecode.c.objc; name = BBANewPictogramViewController.m; path = Controllers/BBANewPictogramViewController.m; sourceTree = "<group>"; };
		D8805F4518C5E456001BD35B /* BBASelectPictogramViewController.h */ = {isa = PBXFileReference; fileEncoding = 4; lastKnownFileType = sourcecode.c.h; name = BBASelectPictogramViewController.h; path = "Visual Scheduler/Controllers/BBASelectPictogramViewController.h"; sourceTree = "<group>"; };
		D8805F4618C5E456001BD35B /* BBASelectPictogramViewController.m */ = {isa = PBXFileReference; fileEncoding = 4; lastKnownFileType = sourcecode.c.objc; name = BBASelectPictogramViewController.m; path = "Visual Scheduler/Controllers/BBASelectPictogramViewController.m"; sourceTree = "<group>"; };
		D885A62C18E466660063DB1A /* SharedRepositoryProtocol.h */ = {isa = PBXFileReference; lastKnownFileType = sourcecode.c.h; name = SharedRepositoryProtocol.h; path = "Visual Scheduler/Database/SharedRepositoryProtocol.h"; sourceTree = "<group>"; };
		D887832D18C8E33300F13B28 /* BBAScheduleOverviewViewControllerTests.m */ = {isa = PBXFileReference; fileEncoding = 4; lastKnownFileType = sourcecode.c.objc; name = BBAScheduleOverviewViewControllerTests.m; path = "Visual SchedulerTests/BBAScheduleOverviewViewControllerTests.m"; sourceTree = SOURCE_ROOT; };
		D889F7E818C90506008A497F /* BBAScheduleTableDataSource.h */ = {isa = PBXFileReference; fileEncoding = 4; lastKnownFileType = sourcecode.c.h; name = BBAScheduleTableDataSource.h; path = Controllers/BBAScheduleTableDataSource.h; sourceTree = "<group>"; };
		D889F7E918C90506008A497F /* BBAScheduleTableDataSource.m */ = {isa = PBXFileReference; fileEncoding = 4; lastKnownFileType = sourcecode.c.objc; name = BBAScheduleTableDataSource.m; path = Controllers/BBAScheduleTableDataSource.m; sourceTree = "<group>"; };
		D889F7EB18C9054E008A497F /* ScheduleTableDataSourceTests.m */ = {isa = PBXFileReference; fileEncoding = 4; lastKnownFileType = sourcecode.c.objc; name = ScheduleTableDataSourceTests.m; path = "Visual SchedulerTests/ScheduleTableDataSourceTests.m"; sourceTree = SOURCE_ROOT; };
		D88CF2B618C71B5300AF0CC1 /* BBASelectPictogramViewControllerDelegate.h */ = {isa = PBXFileReference; lastKnownFileType = sourcecode.c.h; name = BBASelectPictogramViewControllerDelegate.h; path = "Visual Scheduler/Controllers/BBASelectPictogramViewControllerDelegate.h"; sourceTree = "<group>"; };
		D8B49E5F18B8025500788073 /* SearchViewControllerDelegate.h */ = {isa = PBXFileReference; lastKnownFileType = sourcecode.c.h; name = SearchViewControllerDelegate.h; path = Protocols/SearchViewControllerDelegate.h; sourceTree = "<group>"; };
		D8B49E6518B823A000788073 /* TagManagementViewController.h */ = {isa = PBXFileReference; fileEncoding = 4; lastKnownFileType = sourcecode.c.h; name = TagManagementViewController.h; path = Controllers/TagManagementViewController.h; sourceTree = "<group>"; };
		D8B49E6618B823A000788073 /* TagManagementViewController.m */ = {isa = PBXFileReference; fileEncoding = 4; lastKnownFileType = sourcecode.c.objc; name = TagManagementViewController.m; path = Controllers/TagManagementViewController.m; sourceTree = "<group>"; };
		D8D4011B18E4960D003F6F4F /* PictogramCollectionViewCell.h */ = {isa = PBXFileReference; fileEncoding = 4; lastKnownFileType = sourcecode.c.h; name = PictogramCollectionViewCell.h; path = Controllers/PictogramCollectionViewCell.h; sourceTree = "<group>"; };
		D8D4011C18E4960D003F6F4F /* PictogramCollectionViewCell.m */ = {isa = PBXFileReference; fileEncoding = 4; lastKnownFileType = sourcecode.c.objc; name = PictogramCollectionViewCell.m; path = Controllers/PictogramCollectionViewCell.m; sourceTree = "<group>"; };
		D8DB7FF318C4DA2300BA2037 /* BBAAddScheduleViewController.h */ = {isa = PBXFileReference; fileEncoding = 4; lastKnownFileType = sourcecode.c.h; name = BBAAddScheduleViewController.h; path = Controllers/BBAAddScheduleViewController.h; sourceTree = "<group>"; };
		D8DB7FF418C4DA2300BA2037 /* BBAAddScheduleViewController.m */ = {isa = PBXFileReference; fileEncoding = 4; lastKnownFileType = sourcecode.c.objc; name = BBAAddScheduleViewController.m; path = Controllers/BBAAddScheduleViewController.m; sourceTree = "<group>"; };
		D8DB7FFD18C50F4700BA2037 /* BBAShowScheduleViewController.h */ = {isa = PBXFileReference; fileEncoding = 4; lastKnownFileType = sourcecode.c.h; name = BBAShowScheduleViewController.h; path = "Controllers/Show Schedule/BBAShowScheduleViewController.h"; sourceTree = "<group>"; };
		D8DB7FFE18C50F4700BA2037 /* BBAShowScheduleViewController.m */ = {isa = PBXFileReference; fileEncoding = 4; lastKnownFileType = sourcecode.c.objc; name = BBAShowScheduleViewController.m; path = "Controllers/Show Schedule/BBAShowScheduleViewController.m"; sourceTree = "<group>"; };
		D8DCC45018E2F520004794C9 /* testImage.png */ = {isa = PBXFileReference; lastKnownFileType = image.png; path = testImage.png; sourceTree = "<group>"; };
		D8E7A2C718CA52FE005F505C /* CoreData.framework */ = {isa = PBXFileReference; lastKnownFileType = wrapper.framework; name = CoreData.framework; path = System/Library/Frameworks/CoreData.framework; sourceTree = SDKROOT; };
		D8EA05A618D3541400F5D01F /* BBACoreDataStackTests.m */ = {isa = PBXFileReference; fileEncoding = 4; lastKnownFileType = sourcecode.c.objc; path = BBACoreDataStackTests.m; sourceTree = "<group>"; };
		D8EA05F518D355E000F5D01F /* BBACoreDataStack.h */ = {isa = PBXFileReference; fileEncoding = 4; lastKnownFileType = sourcecode.c.h; name = BBACoreDataStack.h; path = "Core Data/BBACoreDataStack.h"; sourceTree = "<group>"; };
		D8EA05F618D355E000F5D01F /* BBACoreDataStack.m */ = {isa = PBXFileReference; fileEncoding = 4; lastKnownFileType = sourcecode.c.objc; name = BBACoreDataStack.m; path = "Core Data/BBACoreDataStack.m"; sourceTree = "<group>"; };
		D8EAF2E118D9D8C7004CC1B1 /* Visual Scheduler copy-Info.plist */ = {isa = PBXFileReference; lastKnownFileType = text.plist.xml; name = "Visual Scheduler copy-Info.plist"; path = "/Users/petur/Development/Visual Scheduler/Visual Scheduler copy-Info.plist"; sourceTree = "<absolute>"; };
		D8EB982F18E33E4A00DA3A99 /* Repository.h */ = {isa = PBXFileReference; fileEncoding = 4; lastKnownFileType = sourcecode.c.h; name = Repository.h; path = "Visual Scheduler/Database/Repository.h"; sourceTree = "<group>"; };
		D8EB983018E33E4A00DA3A99 /* Repository.m */ = {isa = PBXFileReference; fileEncoding = 4; lastKnownFileType = sourcecode.c.objc; name = Repository.m; path = "Visual Scheduler/Database/Repository.m"; sourceTree = "<group>"; };
		D8EB983318E33ECE00DA3A99 /* RepositoryTests.m */ = {isa = PBXFileReference; fileEncoding = 4; lastKnownFileType = sourcecode.c.objc; name = RepositoryTests.m; path = "Visual Scheduler/Database/RepositoryTests.m"; sourceTree = "<group>"; };
		D8EB983518E340CF00DA3A99 /* Schedule.h */ = {isa = PBXFileReference; fileEncoding = 4; lastKnownFileType = sourcecode.c.h; name = Schedule.h; path = "Visual Scheduler/Database/Schedule.h"; sourceTree = "<group>"; };
		D8EB983618E340CF00DA3A99 /* Schedule.m */ = {isa = PBXFileReference; fileEncoding = 4; lastKnownFileType = sourcecode.c.objc; name = Schedule.m; path = "Visual Scheduler/Database/Schedule.m"; sourceTree = "<group>"; };
		D8EB983918E346DF00DA3A99 /* Pictogram.h */ = {isa = PBXFileReference; fileEncoding = 4; lastKnownFileType = sourcecode.c.h; name = Pictogram.h; path = "Visual Scheduler/Database/Pictogram.h"; sourceTree = "<group>"; };
		D8EB983A18E346DF00DA3A99 /* Pictogram.m */ = {isa = PBXFileReference; fileEncoding = 4; lastKnownFileType = sourcecode.c.objc; name = Pictogram.m; path = "Visual Scheduler/Database/Pictogram.m"; sourceTree = "<group>"; };
		D8EC7D5118CA61E500B6A673 /* MockTableView.h */ = {isa = PBXFileReference; fileEncoding = 4; lastKnownFileType = sourcecode.c.h; name = MockTableView.h; path = "Visual SchedulerTests/MockTableView.h"; sourceTree = SOURCE_ROOT; };
		D8EC7D5218CA61E500B6A673 /* MockTableView.m */ = {isa = PBXFileReference; fileEncoding = 4; lastKnownFileType = sourcecode.c.objc; name = MockTableView.m; path = "Visual SchedulerTests/MockTableView.m"; sourceTree = SOURCE_ROOT; };
		D8EC7D5418CA63C500B6A673 /* MockScheduleOverviewViewController.h */ = {isa = PBXFileReference; fileEncoding = 4; lastKnownFileType = sourcecode.c.h; name = MockScheduleOverviewViewController.h; path = "Visual SchedulerTests/MockScheduleOverviewViewController.h"; sourceTree = SOURCE_ROOT; };
		D8EC7D5518CA63C500B6A673 /* MockScheduleOverviewViewController.m */ = {isa = PBXFileReference; fileEncoding = 4; lastKnownFileType = sourcecode.c.objc; name = MockScheduleOverviewViewController.m; path = "Visual SchedulerTests/MockScheduleOverviewViewController.m"; sourceTree = SOURCE_ROOT; };
/* End PBXFileReference section */

/* Begin PBXFrameworksBuildPhase section */
		D83A62B518B696DC00EC0773 /* Frameworks */ = {
			isa = PBXFrameworksBuildPhase;
			buildActionMask = 2147483647;
			files = (
				D853A81218E1E0280031E986 /* libsqlite3.dylib in Frameworks */,
				D8E7A2C818CA52FE005F505C /* CoreData.framework in Frameworks */,
				D850E82618C86F420051CD51 /* MobileCoreServices.framework in Frameworks */,
				D83A62BE18B696DC00EC0773 /* CoreGraphics.framework in Frameworks */,
				D83A62C018B696DC00EC0773 /* UIKit.framework in Frameworks */,
				D83A62BC18B696DC00EC0773 /* Foundation.framework in Frameworks */,
			);
			runOnlyForDeploymentPostprocessing = 0;
		};
		D83A62D618B696DC00EC0773 /* Frameworks */ = {
			isa = PBXFrameworksBuildPhase;
			buildActionMask = 2147483647;
			files = (
				D83A62DB18B696DC00EC0773 /* XCTest.framework in Frameworks */,
				D83A62DD18B696DC00EC0773 /* UIKit.framework in Frameworks */,
				D83A62DC18B696DC00EC0773 /* Foundation.framework in Frameworks */,
			);
			runOnlyForDeploymentPostprocessing = 0;
		};
/* End PBXFrameworksBuildPhase section */

/* Begin PBXGroup section */
		D813A9CF18D388F900D3515A /* Tests */ = {
			isa = PBXGroup;
			children = (
				D850E82718C8746A0051CD51 /* BBAShowScheduleViewControllerTests.m */,
				D850E83018C890F00051CD51 /* BBAShowScheduleViewController_BBAShowScheduleViewControllerPrivate.h */,
			);
			name = Tests;
			sourceTree = "<group>";
		};
		D82838B018D5B85A009C03A8 /* Categories */ = {
			isa = PBXGroup;
			children = (
				D82838B618D5BBCE009C03A8 /* Tests */,
				D82838AD18D5B850009C03A8 /* UIImage+BBA.h */,
				D82838AE18D5B850009C03A8 /* UIImage+BBA.m */,
				D82838B118D5B9DF009C03A8 /* UIApplication+BBA.h */,
				D82838B218D5B9DF009C03A8 /* UIApplication+BBA.m */,
			);
			name = Categories;
			path = ..;
			sourceTree = "<group>";
		};
		D82838B618D5BBCE009C03A8 /* Tests */ = {
			isa = PBXGroup;
			children = (
				D82838B418D5BA39009C03A8 /* UIApplicationTests.m */,
			);
			name = Tests;
			sourceTree = "<group>";
		};
		D82838B718D5D396009C03A8 /* Pictogram */ = {
			isa = PBXGroup;
			children = (
				D8805F4018C5DD07001BD35B /* New Pictogram */,
				D8805F4818C5E459001BD35B /* Select Pictogram */,
			);
			name = Pictogram;
			sourceTree = "<group>";
		};
		D82838B818D5D39F009C03A8 /* Schedule */ = {
			isa = PBXGroup;
			children = (
				D8DB800018C50FAC00BA2037 /* Show Schedule */,
				D8DB7FF618C4DA2F00BA2037 /* Add Schedule */,
				D85EA1AA18C4B3DE00ACDBD6 /* Schedule Overview */,
			);
			name = Schedule;
			sourceTree = "<group>";
		};
		D829DDA818E191B60039A449 /* Database */ = {
			isa = PBXGroup;
			children = (
				D8EB983818E340D500DA3A99 /* Model */,
				D829DDA918E191C00039A449 /* vs.sqlite3 */,
				D8EB982F18E33E4A00DA3A99 /* Repository.h */,
				D8EB983018E33E4A00DA3A99 /* Repository.m */,
				D8EB983218E33E5400DA3A99 /* SQLite */,
			);
			name = Database;
			sourceTree = "<group>";
		};
		D8315AF518D39DF000C4A340 /* Camera */ = {
			isa = PBXGroup;
			children = (
				D8315AF618D39E0600C4A340 /* BBACameraTests */,
				D8315AF118D39DEA00C4A340 /* Camera.h */,
				D8315AF218D39DEA00C4A340 /* Camera.m */,
				D8315AF318D39DEA00C4A340 /* CameraDelegate.h */,
			);
			name = Camera;
			sourceTree = "<group>";
		};
		D8315AF618D39E0600C4A340 /* BBACameraTests */ = {
			isa = PBXGroup;
			children = (
				D8315AF818D39E0600C4A340 /* CameraTests.m */,
				D8315AFB18D39E0600C4A340 /* MockCameraDelegate.h */,
				D8315AFC18D39E0600C4A340 /* MockCameraDelegate.m */,
			);
			name = BBACameraTests;
			path = "Visual SchedulerTests/BBACameraTests";
			sourceTree = SOURCE_ROOT;
		};
		D83A62AF18B696DB00EC0773 = {
			isa = PBXGroup;
			children = (
				D829DDA818E191B60039A449 /* Database */,
				D85E8CD418CA584200BB5F10 /* CoreData.xcdatamodeld */,
				D83A62C118B696DC00EC0773 /* Visual Scheduler */,
				D83A62E018B696DC00EC0773 /* Visual SchedulerTests */,
				D83A62BA18B696DC00EC0773 /* Frameworks */,
				D83A62B918B696DC00EC0773 /* Products */,
				D8EAF2E118D9D8C7004CC1B1 /* Visual Scheduler copy-Info.plist */,
			);
			sourceTree = "<group>";
		};
		D83A62B918B696DC00EC0773 /* Products */ = {
			isa = PBXGroup;
			children = (
				D83A62B818B696DC00EC0773 /* Visual Scheduler.app */,
				D83A62D918B696DC00EC0773 /* Visual SchedulerTests.xctest */,
			);
			name = Products;
			sourceTree = "<group>";
		};
		D83A62BA18B696DC00EC0773 /* Frameworks */ = {
			isa = PBXGroup;
			children = (
				D853A81118E1E0280031E986 /* libsqlite3.dylib */,
				D8E7A2C718CA52FE005F505C /* CoreData.framework */,
				D850E82518C86F420051CD51 /* MobileCoreServices.framework */,
				D81AAA1E18B94F0A00E3B50C /* AVFoundation.framework */,
				D83A62BB18B696DC00EC0773 /* Foundation.framework */,
				D83A62BD18B696DC00EC0773 /* CoreGraphics.framework */,
				D83A62BF18B696DC00EC0773 /* UIKit.framework */,
				D83A62DA18B696DC00EC0773 /* XCTest.framework */,
			);
			name = Frameworks;
			sourceTree = "<group>";
		};
		D83A62C118B696DC00EC0773 /* Visual Scheduler */ = {
			isa = PBXGroup;
			children = (
				D85EBDDB18DC836700DF76B7 /* Color */,
				D83A62CA18B696DC00EC0773 /* AppDelegate.h */,
				D83A62CB18B696DC00EC0773 /* AppDelegate.m */,
				D83A62CD18B696DC00EC0773 /* Main.storyboard */,
				D8D4011B18E4960D003F6F4F /* PictogramCollectionViewCell.h */,
				D8D4011C18E4960D003F6F4F /* PictogramCollectionViewCell.m */,
				D8315AF518D39DF000C4A340 /* Camera */,
				D82838B018D5B85A009C03A8 /* Categories */,
				D83A62F718B69BEF00EC0773 /* View Controllers */,
				D8EA05F818D355E900F5D01F /* Core Data */,
				D8B49E6018B8077600788073 /* Protocols */,
				D83A62D318B696DC00EC0773 /* Images.xcassets */,
				D83A62C218B696DC00EC0773 /* Supporting Files */,
			);
			path = "Visual Scheduler";
			sourceTree = "<group>";
		};
		D83A62C218B696DC00EC0773 /* Supporting Files */ = {
			isa = PBXGroup;
			children = (
				D85EBDC918DC804400DF76B7 /* DevelopmentPictograms */,
				D83A62C918B696DC00EC0773 /* Visual Scheduler-Prefix.pch */,
				D83A62C318B696DC00EC0773 /* Visual Scheduler-Info.plist */,
				D83A62C418B696DC00EC0773 /* InfoPlist.strings */,
				D83A62C718B696DC00EC0773 /* main.m */,
			);
			name = "Supporting Files";
			sourceTree = "<group>";
		};
		D83A62E018B696DC00EC0773 /* Visual SchedulerTests */ = {
			isa = PBXGroup;
			children = (
				D8DCC45018E2F520004794C9 /* testImage.png */,
				D8EC7D5118CA61E500B6A673 /* MockTableView.h */,
				D8EC7D5218CA61E500B6A673 /* MockTableView.m */,
				D8EC7D5418CA63C500B6A673 /* MockScheduleOverviewViewController.h */,
				D8EC7D5518CA63C500B6A673 /* MockScheduleOverviewViewController.m */,
				D850E82918C87C3D0051CD51 /* MockManagedObjectContext.h */,
				D850E82A18C87C3D0051CD51 /* MockManagedObjectContext.m */,
				D850E82D18C88E7E0051CD51 /* MockViewController.h */,
				D850E82E18C88E7E0051CD51 /* MockViewController.m */,
				D83A62E118B696DC00EC0773 /* Supporting Files */,
				D8B49E6418B81B3500788073 /* Controllers */,
			);
			path = "Visual SchedulerTests";
			sourceTree = "<group>";
		};
		D83A62E118B696DC00EC0773 /* Supporting Files */ = {
			isa = PBXGroup;
			children = (
				D813A9D918D3995700D3515A /* Visual Scheduler-Prefix.pch */,
				D83A62E218B696DC00EC0773 /* Visual SchedulerTests-Info.plist */,
				D83A62E318B696DC00EC0773 /* InfoPlist.strings */,
			);
			name = "Supporting Files";
			sourceTree = "<group>";
		};
		D83A62F718B69BEF00EC0773 /* View Controllers */ = {
			isa = PBXGroup;
			children = (
				D82838B718D5D396009C03A8 /* Pictogram */,
				D82838B818D5D39F009C03A8 /* Schedule */,
				D864F1A218D3A08E00711986 /* Search */,
				D864F1A118D3A08400711986 /* TagManagement */,
			);
			name = "View Controllers";
			sourceTree = "<group>";
		};
		D85EA1AA18C4B3DE00ACDBD6 /* Schedule Overview */ = {
			isa = PBXGroup;
			children = (
				D8EA060E18D3883100F5D01F /* Tests */,
				D85EA1A718C4B12300ACDBD6 /* BBAScheduleOverviewViewController.h */,
				D85EA1A818C4B12300ACDBD6 /* BBAScheduleOverviewViewController.m */,
				D889F7E818C90506008A497F /* BBAScheduleTableDataSource.h */,
				D889F7E918C90506008A497F /* BBAScheduleTableDataSource.m */,
			);
			name = "Schedule Overview";
			sourceTree = "<group>";
		};
		D85EBDC918DC804400DF76B7 /* DevelopmentPictograms */ = {
			isa = PBXGroup;
			children = (
				D85EBDCA18DC804400DF76B7 /* brushteeth.png */,
				D85EBDCB18DC804400DF76B7 /* eat.png */,
				D85EBDCC18DC804400DF76B7 /* karate.png */,
				D85EBDCD18DC804400DF76B7 /* play.png */,
				D85EBDCE18DC804400DF76B7 /* preparetable.png */,
				D85EBDCF18DC804400DF76B7 /* toilet.png */,
				D85EBDD018DC804400DF76B7 /* washhands.png */,
			);
			path = DevelopmentPictograms;
			sourceTree = "<group>";
		};
		D85EBDDB18DC836700DF76B7 /* Color */ = {
			isa = PBXGroup;
			children = (
				D85EBDDE18DC839600DF76B7 /* Tests */,
				D85EBDD818DC833A00DF76B7 /* BBAColor.h */,
				D85EBDD918DC833A00DF76B7 /* BBAColor.m */,
			);
			name = Color;
			sourceTree = "<group>";
		};
		D85EBDDE18DC839600DF76B7 /* Tests */ = {
			isa = PBXGroup;
			children = (
				D85EBDDC18DC839300DF76B7 /* BBAColourTests.m */,
			);
			name = Tests;
			sourceTree = "<group>";
		};
		D864F1A018D3A02B00711986 /* Models */ = {
			isa = PBXGroup;
			children = (
			);
			name = Models;
			sourceTree = "<group>";
		};
		D864F1A118D3A08400711986 /* TagManagement */ = {
			isa = PBXGroup;
			children = (
				D8B49E6518B823A000788073 /* TagManagementViewController.h */,
				D8B49E6618B823A000788073 /* TagManagementViewController.m */,
			);
			name = TagManagement;
			sourceTree = "<group>";
		};
		D864F1A218D3A08E00711986 /* Search */ = {
			isa = PBXGroup;
			children = (
				D83A62F418B69BEC00EC0773 /* SearchViewController.h */,
				D83A62F518B69BEC00EC0773 /* SearchViewController.m */,
			);
			name = Search;
			sourceTree = "<group>";
		};
		D8805F4018C5DD07001BD35B /* New Pictogram */ = {
			isa = PBXGroup;
			children = (
				D8805F3D18C5DD01001BD35B /* BBANewPictogramViewController.h */,
				D8805F3E18C5DD01001BD35B /* BBANewPictogramViewController.m */,
			);
			name = "New Pictogram";
			sourceTree = "<group>";
		};
		D8805F4818C5E459001BD35B /* Select Pictogram */ = {
			isa = PBXGroup;
			children = (
				D8805F4518C5E456001BD35B /* BBASelectPictogramViewController.h */,
				D8805F4618C5E456001BD35B /* BBASelectPictogramViewController.m */,
				D88CF2B618C71B5300AF0CC1 /* BBASelectPictogramViewControllerDelegate.h */,
				D82D5FD218C616A6000A8FD3 /* UIView+BBASubviews.h */,
				D82D5FD318C616A6000A8FD3 /* UIView+BBASubviews.m */,
			);
			name = "Select Pictogram";
			path = ..;
			sourceTree = "<group>";
		};
		D8B49E6018B8077600788073 /* Protocols */ = {
			isa = PBXGroup;
			children = (
				D83A62FB18B6B69E00EC0773 /* ContainsImageAsData.h */,
				D8B49E5F18B8025500788073 /* SearchViewControllerDelegate.h */,
			);
			name = Protocols;
			sourceTree = "<group>";
		};
		D8B49E6418B81B3500788073 /* Controllers */ = {
			isa = PBXGroup;
			children = (
			);
			name = Controllers;
			sourceTree = "<group>";
		};
		D8DB7FF618C4DA2F00BA2037 /* Add Schedule */ = {
			isa = PBXGroup;
			children = (
				D8DB7FF318C4DA2300BA2037 /* BBAAddScheduleViewController.h */,
				D8DB7FF418C4DA2300BA2037 /* BBAAddScheduleViewController.m */,
			);
			name = "Add Schedule";
			sourceTree = "<group>";
		};
		D8DB800018C50FAC00BA2037 /* Show Schedule */ = {
			isa = PBXGroup;
			children = (
				D813A9CF18D388F900D3515A /* Tests */,
				D8DB7FFD18C50F4700BA2037 /* BBAShowScheduleViewController.h */,
				D8DB7FFE18C50F4700BA2037 /* BBAShowScheduleViewController.m */,
				D8534F7B18DDB51D0055FA93 /* BBAShowScheduleCollectionViewController.h */,
				D8534F7C18DDB51D0055FA93 /* BBAShowScheduleCollectionViewController.m */,
			);
			name = "Show Schedule";
			sourceTree = "<group>";
		};
		D8EA05A518D353E400F5D01F /* Tests */ = {
			isa = PBXGroup;
			children = (
				D8EA05A618D3541400F5D01F /* BBACoreDataStackTests.m */,
			);
			name = Tests;
			path = "Visual SchedulerTests";
			sourceTree = SOURCE_ROOT;
		};
		D8EA05F818D355E900F5D01F /* Core Data */ = {
			isa = PBXGroup;
			children = (
				6833530018D9E14F0027A507 /* BBAServiceProvider.h */,
				6833530118D9E14F0027A507 /* BBAServiceProvider.m */,
				D8EA05A518D353E400F5D01F /* Tests */,
				D8EA05F518D355E000F5D01F /* BBACoreDataStack.h */,
				D8EA05F618D355E000F5D01F /* BBACoreDataStack.m */,
				683352FA18D9DDA10027A507 /* BBAStore.h */,
				683352FB18D9DDA10027A507 /* BBAStore.m */,
				683352FD18D9DDF70027A507 /* BBAContext.h */,
				683352FE18D9DDF70027A507 /* BBAContext.m */,
				683352F718D9DCB60027A507 /* BBAModel.h */,
				683352F818D9DCB60027A507 /* BBAModel.m */,
				D864F1A018D3A02B00711986 /* Models */,
			);
			name = "Core Data";
			sourceTree = "<group>";
		};
		D8EA060E18D3883100F5D01F /* Tests */ = {
			isa = PBXGroup;
			children = (
				D887832D18C8E33300F13B28 /* BBAScheduleOverviewViewControllerTests.m */,
				D889F7EB18C9054E008A497F /* ScheduleTableDataSourceTests.m */,
			);
			name = Tests;
			sourceTree = "<group>";
		};
		D8EB983218E33E5400DA3A99 /* SQLite */ = {
			isa = PBXGroup;
			children = (
				D853A80B18E1DB850031E986 /* DataStoreProtocol.h */,
				D885A62C18E466660063DB1A /* SharedRepositoryProtocol.h */,
				D853A80C18E1DD3C0031E986 /* SQLiteStore.h */,
				D853A80D18E1DD3C0031E986 /* SQLiteStore.m */,
				D853A80F18E1DD600031E986 /* SQLiteStoreTests.m */,
				D8EB983318E33ECE00DA3A99 /* RepositoryTests.m */,
			);
			name = SQLite;
			sourceTree = "<group>";
		};
		D8EB983818E340D500DA3A99 /* Model */ = {
			isa = PBXGroup;
			children = (
				D8EB983518E340CF00DA3A99 /* Schedule.h */,
				D8EB983618E340CF00DA3A99 /* Schedule.m */,
				D8EB983918E346DF00DA3A99 /* Pictogram.h */,
				D8EB983A18E346DF00DA3A99 /* Pictogram.m */,
			);
			name = Model;
			sourceTree = "<group>";
		};
/* End PBXGroup section */

/* Begin PBXNativeTarget section */
		D83A62B718B696DC00EC0773 /* Visual Scheduler */ = {
			isa = PBXNativeTarget;
			buildConfigurationList = D83A62EA18B696DC00EC0773 /* Build configuration list for PBXNativeTarget "Visual Scheduler" */;
			buildPhases = (
				D83A62B418B696DC00EC0773 /* Sources */,
				D83A62B518B696DC00EC0773 /* Frameworks */,
				D83A62B618B696DC00EC0773 /* Resources */,
			);
			buildRules = (
			);
			dependencies = (
			);
			name = "Visual Scheduler";
			productName = "Visual Scheduler";
			productReference = D83A62B818B696DC00EC0773 /* Visual Scheduler.app */;
			productType = "com.apple.product-type.application";
		};
		D83A62D818B696DC00EC0773 /* Visual SchedulerTests */ = {
			isa = PBXNativeTarget;
			buildConfigurationList = D83A62ED18B696DC00EC0773 /* Build configuration list for PBXNativeTarget "Visual SchedulerTests" */;
			buildPhases = (
				D83A62D518B696DC00EC0773 /* Sources */,
				D83A62D618B696DC00EC0773 /* Frameworks */,
				D83A62D718B696DC00EC0773 /* Resources */,
			);
			buildRules = (
			);
			dependencies = (
				D83A62DF18B696DC00EC0773 /* PBXTargetDependency */,
			);
			name = "Visual SchedulerTests";
			productName = "Visual SchedulerTests";
			productReference = D83A62D918B696DC00EC0773 /* Visual SchedulerTests.xctest */;
			productType = "com.apple.product-type.bundle.unit-test";
		};
/* End PBXNativeTarget section */

/* Begin PBXProject section */
		D83A62B018B696DB00EC0773 /* Project object */ = {
			isa = PBXProject;
			attributes = {
				LastUpgradeCheck = 0510;
				ORGANIZATIONNAME = "Student Project";
				TargetAttributes = {
					D83A62D818B696DC00EC0773 = {
						TestTargetID = D83A62B718B696DC00EC0773;
					};
				};
			};
			buildConfigurationList = D83A62B318B696DB00EC0773 /* Build configuration list for PBXProject "Visual Scheduler" */;
			compatibilityVersion = "Xcode 3.2";
			developmentRegion = English;
			hasScannedForEncodings = 0;
			knownRegions = (
				en,
				Base,
			);
			mainGroup = D83A62AF18B696DB00EC0773;
			productRefGroup = D83A62B918B696DC00EC0773 /* Products */;
			projectDirPath = "";
			projectRoot = "";
			targets = (
				D83A62B718B696DC00EC0773 /* Visual Scheduler */,
				D83A62D818B696DC00EC0773 /* Visual SchedulerTests */,
			);
		};
/* End PBXProject section */

/* Begin PBXResourcesBuildPhase section */
		D83A62B618B696DC00EC0773 /* Resources */ = {
			isa = PBXResourcesBuildPhase;
			buildActionMask = 2147483647;
			files = (
				D850E82C18C885230051CD51 /* Main.storyboard in Resources */,
				D85EBDD718DC804400DF76B7 /* washhands.png in Resources */,
				D85EBDD418DC804400DF76B7 /* play.png in Resources */,
				D8DCC45218E2F57D004794C9 /* testImage.png in Resources */,
				D85EBDD518DC804400DF76B7 /* preparetable.png in Resources */,
				D85EBDD118DC804400DF76B7 /* brushteeth.png in Resources */,
				D83A62D418B696DC00EC0773 /* Images.xcassets in Resources */,
				D85EBDD318DC804400DF76B7 /* karate.png in Resources */,
				D829DDAA18E191C00039A449 /* vs.sqlite3 in Resources */,
				D85EBDD218DC804400DF76B7 /* eat.png in Resources */,
				D85EBDD618DC804400DF76B7 /* toilet.png in Resources */,
				D83A62C618B696DC00EC0773 /* InfoPlist.strings in Resources */,
			);
			runOnlyForDeploymentPostprocessing = 0;
		};
		D83A62D718B696DC00EC0773 /* Resources */ = {
			isa = PBXResourcesBuildPhase;
			buildActionMask = 2147483647;
			files = (
				D8DCC45118E2F520004794C9 /* testImage.png in Resources */,
				D83A62E518B696DC00EC0773 /* InfoPlist.strings in Resources */,
				D8DCC45318E2F69D004794C9 /* vs.sqlite3 in Resources */,
			);
			runOnlyForDeploymentPostprocessing = 0;
		};
/* End PBXResourcesBuildPhase section */

/* Begin PBXSourcesBuildPhase section */
		D83A62B418B696DC00EC0773 /* Sources */ = {
			isa = PBXSourcesBuildPhase;
			buildActionMask = 2147483647;
			files = (
				D800896618DC6946003EFD7E /* BBAScheduleOverviewViewController.m in Sources */,
				D82838B318D5B9DF009C03A8 /* UIApplication+BBA.m in Sources */,
				D82D5FD418C616A6000A8FD3 /* UIView+BBASubviews.m in Sources */,
				D8EB983B18E346DF00DA3A99 /* Pictogram.m in Sources */,
				D8805F3F18C5DD01001BD35B /* BBANewPictogramViewController.m in Sources */,
				D8DB7FF518C4DA2300BA2037 /* BBAAddScheduleViewController.m in Sources */,
				D8805F4718C5E456001BD35B /* BBASelectPictogramViewController.m in Sources */,
				D82838AF18D5B850009C03A8 /* UIImage+BBA.m in Sources */,
				D8EB983118E33E4A00DA3A99 /* Repository.m in Sources */,
				D83A62C818B696DC00EC0773 /* main.m in Sources */,
				D8534F7D18DDB51D0055FA93 /* BBAShowScheduleCollectionViewController.m in Sources */,
				D889F7EE18C9249A008A497F /* AppDelegate.m in Sources */,
				D889F7EA18C90506008A497F /* BBAScheduleTableDataSource.m in Sources */,
				D85EBDDA18DC833A00DF76B7 /* BBAColor.m in Sources */,
				D8DB7FFF18C50F4700BA2037 /* BBAShowScheduleViewController.m in Sources */,
				D8EB983718E340CF00DA3A99 /* Schedule.m in Sources */,
				D8D4011D18E4960D003F6F4F /* PictogramCollectionViewCell.m in Sources */,
				D8315AF418D39DEA00C4A340 /* Camera.m in Sources */,
				D853A80E18E1DD3C0031E986 /* SQLiteStore.m in Sources */,
			);
			runOnlyForDeploymentPostprocessing = 0;
		};
		D83A62D518B696DC00EC0773 /* Sources */ = {
			isa = PBXSourcesBuildPhase;
			buildActionMask = 2147483647;
			files = (
				D8EB983418E33ECE00DA3A99 /* RepositoryTests.m in Sources */,
				D8315B0018D39E0600C4A340 /* CameraTests.m in Sources */,
				6833530218D9E14F0027A507 /* BBAServiceProvider.m in Sources */,
				D8EA05F918D3578900F5D01F /* CoreData.xcdatamodeld in Sources */,
				D878CAEB18DC868400DD1885 /* BBAColourTests.m in Sources */,
				D8EC7D5318CA61E500B6A673 /* MockTableView.m in Sources */,
				D813A9D118D38BA100D3515A /* MockScheduleOverviewViewController.m in Sources */,
				D853A81018E1DD600031E986 /* SQLiteStoreTests.m in Sources */,
				D850E82B18C87C3D0051CD51 /* MockManagedObjectContext.m in Sources */,
				D850E82F18C88E7E0051CD51 /* MockViewController.m in Sources */,
				D85EBDDF18DC83B200DF76B7 /* BBAColor.m in Sources */,
				D887832E18C8E33300F13B28 /* BBAScheduleOverviewViewControllerTests.m in Sources */,
				D82838B518D5BA39009C03A8 /* UIApplicationTests.m in Sources */,
				D85EBDC818DC6B7700DF76B7 /* MockCameraDelegate.m in Sources */,
				D800896718DC694D003EFD7E /* BBAScheduleOverviewViewController.m in Sources */,
			);
			runOnlyForDeploymentPostprocessing = 0;
		};
/* End PBXSourcesBuildPhase section */

/* Begin PBXTargetDependency section */
		D83A62DF18B696DC00EC0773 /* PBXTargetDependency */ = {
			isa = PBXTargetDependency;
			target = D83A62B718B696DC00EC0773 /* Visual Scheduler */;
			targetProxy = D83A62DE18B696DC00EC0773 /* PBXContainerItemProxy */;
		};
/* End PBXTargetDependency section */

/* Begin PBXVariantGroup section */
		D83A62C418B696DC00EC0773 /* InfoPlist.strings */ = {
			isa = PBXVariantGroup;
			children = (
				D83A62C518B696DC00EC0773 /* en */,
			);
			name = InfoPlist.strings;
			sourceTree = "<group>";
		};
		D83A62CD18B696DC00EC0773 /* Main.storyboard */ = {
			isa = PBXVariantGroup;
			children = (
				D83A62CE18B696DC00EC0773 /* Base */,
			);
			name = Main.storyboard;
			sourceTree = "<group>";
		};
		D83A62E318B696DC00EC0773 /* InfoPlist.strings */ = {
			isa = PBXVariantGroup;
			children = (
				D83A62E418B696DC00EC0773 /* en */,
			);
			name = InfoPlist.strings;
			sourceTree = "<group>";
		};
/* End PBXVariantGroup section */

/* Begin XCBuildConfiguration section */
		D83A62E818B696DC00EC0773 /* Debug */ = {
			isa = XCBuildConfiguration;
			buildSettings = {
				ALWAYS_SEARCH_USER_PATHS = NO;
				CLANG_CXX_LANGUAGE_STANDARD = "gnu++0x";
				CLANG_CXX_LIBRARY = "libc++";
				CLANG_ENABLE_MODULES = YES;
				CLANG_ENABLE_OBJC_ARC = YES;
				CLANG_WARN_BOOL_CONVERSION = YES;
				CLANG_WARN_CONSTANT_CONVERSION = YES;
				CLANG_WARN_DIRECT_OBJC_ISA_USAGE = YES_ERROR;
				CLANG_WARN_EMPTY_BODY = YES;
				CLANG_WARN_ENUM_CONVERSION = YES;
				CLANG_WARN_INT_CONVERSION = YES;
				CLANG_WARN_OBJC_ROOT_CLASS = YES_ERROR;
				CLANG_WARN__DUPLICATE_METHOD_MATCH = YES;
				"CODE_SIGN_IDENTITY[sdk=iphoneos*]" = "iPhone Developer";
				COPY_PHASE_STRIP = NO;
				GCC_C_LANGUAGE_STANDARD = gnu99;
				GCC_DYNAMIC_NO_PIC = NO;
				GCC_GENERATE_TEST_COVERAGE_FILES = NO;
				GCC_OPTIMIZATION_LEVEL = 0;
				GCC_PREPROCESSOR_DEFINITIONS = (
					"DEBUG=1",
					"$(inherited)",
				);
				GCC_SYMBOLS_PRIVATE_EXTERN = NO;
				GCC_WARN_64_TO_32_BIT_CONVERSION = YES;
				GCC_WARN_ABOUT_RETURN_TYPE = YES_ERROR;
				GCC_WARN_UNDECLARED_SELECTOR = YES;
				GCC_WARN_UNINITIALIZED_AUTOS = YES;
				GCC_WARN_UNUSED_FUNCTION = YES;
				GCC_WARN_UNUSED_VARIABLE = YES;
				IPHONEOS_DEPLOYMENT_TARGET = 7.0;
				ONLY_ACTIVE_ARCH = YES;
				SDKROOT = iphoneos;
				TARGETED_DEVICE_FAMILY = 2;
			};
			name = Debug;
		};
		D83A62E918B696DC00EC0773 /* Release */ = {
			isa = XCBuildConfiguration;
			buildSettings = {
				ALWAYS_SEARCH_USER_PATHS = NO;
				CLANG_CXX_LANGUAGE_STANDARD = "gnu++0x";
				CLANG_CXX_LIBRARY = "libc++";
				CLANG_ENABLE_MODULES = YES;
				CLANG_ENABLE_OBJC_ARC = YES;
				CLANG_WARN_BOOL_CONVERSION = YES;
				CLANG_WARN_CONSTANT_CONVERSION = YES;
				CLANG_WARN_DIRECT_OBJC_ISA_USAGE = YES_ERROR;
				CLANG_WARN_EMPTY_BODY = YES;
				CLANG_WARN_ENUM_CONVERSION = YES;
				CLANG_WARN_INT_CONVERSION = YES;
				CLANG_WARN_OBJC_ROOT_CLASS = YES_ERROR;
				CLANG_WARN__DUPLICATE_METHOD_MATCH = YES;
				"CODE_SIGN_IDENTITY[sdk=iphoneos*]" = "iPhone Developer";
				COPY_PHASE_STRIP = YES;
				ENABLE_NS_ASSERTIONS = NO;
				GCC_C_LANGUAGE_STANDARD = gnu99;
				GCC_GENERATE_TEST_COVERAGE_FILES = NO;
				GCC_WARN_64_TO_32_BIT_CONVERSION = YES;
				GCC_WARN_ABOUT_RETURN_TYPE = YES_ERROR;
				GCC_WARN_UNDECLARED_SELECTOR = YES;
				GCC_WARN_UNINITIALIZED_AUTOS = YES;
				GCC_WARN_UNUSED_FUNCTION = YES;
				GCC_WARN_UNUSED_VARIABLE = YES;
				IPHONEOS_DEPLOYMENT_TARGET = 7.0;
				SDKROOT = iphoneos;
				TARGETED_DEVICE_FAMILY = 2;
				VALIDATE_PRODUCT = YES;
			};
			name = Release;
		};
		D83A62EB18B696DC00EC0773 /* Debug */ = {
			isa = XCBuildConfiguration;
			buildSettings = {
				ASSETCATALOG_COMPILER_APPICON_NAME = AppIcon;
				ASSETCATALOG_COMPILER_LAUNCHIMAGE_NAME = LaunchImage;
				GCC_GENERATE_TEST_COVERAGE_FILES = YES;
				GCC_PRECOMPILE_PREFIX_HEADER = YES;
				GCC_PREFIX_HEADER = "Visual Scheduler/Visual Scheduler-Prefix.pch";
				INFOPLIST_FILE = "Visual Scheduler/Visual Scheduler-Info.plist";
				LIBRARY_SEARCH_PATHS = (
					"$(inherited)",
					"$(USER_LIBRARY_DIR)/Developer/Xcode/DerivedData/Visual_Scheduler-dkxsscvrumbjjoephvoayemnivgl/Build/Products/Debug-iphoneos",
					"$(USER_LIBRARY_DIR)/Developer/Xcode/DerivedData/Workspace-dprtwvgbntgrkgexznktovghwufi/Build/Products/Debug-iphoneos",
				);
				OTHER_LDFLAGS = "-ObjC";
				PRODUCT_NAME = "$(TARGET_NAME)";
				WRAPPER_EXTENSION = app;
			};
			name = Debug;
		};
		D83A62EC18B696DC00EC0773 /* Release */ = {
			isa = XCBuildConfiguration;
			buildSettings = {
				ASSETCATALOG_COMPILER_APPICON_NAME = AppIcon;
				ASSETCATALOG_COMPILER_LAUNCHIMAGE_NAME = LaunchImage;
				GCC_GENERATE_TEST_COVERAGE_FILES = YES;
				GCC_PRECOMPILE_PREFIX_HEADER = YES;
				GCC_PREFIX_HEADER = "Visual Scheduler/Visual Scheduler-Prefix.pch";
				INFOPLIST_FILE = "Visual Scheduler/Visual Scheduler-Info.plist";
				LIBRARY_SEARCH_PATHS = (
					"$(inherited)",
					"$(USER_LIBRARY_DIR)/Developer/Xcode/DerivedData/Visual_Scheduler-dkxsscvrumbjjoephvoayemnivgl/Build/Products/Debug-iphoneos",
					"$(USER_LIBRARY_DIR)/Developer/Xcode/DerivedData/Workspace-dprtwvgbntgrkgexznktovghwufi/Build/Products/Debug-iphoneos",
				);
				OTHER_LDFLAGS = "-ObjC";
				PRODUCT_NAME = "$(TARGET_NAME)";
				WRAPPER_EXTENSION = app;
			};
			name = Release;
		};
		D83A62EE18B696DC00EC0773 /* Debug */ = {
			isa = XCBuildConfiguration;
			buildSettings = {
				BUNDLE_LOADER = "$(BUILT_PRODUCTS_DIR)/Visual Scheduler.app/Visual Scheduler";
				FRAMEWORK_SEARCH_PATHS = (
					"$(SDKROOT)/Developer/Library/Frameworks",
					"$(inherited)",
					"$(DEVELOPER_FRAMEWORKS_DIR)",
				);
				GCC_GENERATE_TEST_COVERAGE_FILES = NO;
				GCC_INSTRUMENT_PROGRAM_FLOW_ARCS = NO;
				GCC_PRECOMPILE_PREFIX_HEADER = YES;
				GCC_PREFIX_HEADER = "Visual SchedulerTests/Visual Scheduler-Prefix.pch";
				GCC_PREPROCESSOR_DEFINITIONS = (
					"TESTING=1",
					"DEBUG=1",
				);
				HEADER_SEARCH_PATHS = (
					"$(inherited)",
					/Applications/Xcode.app/Contents/Developer/Toolchains/XcodeDefault.xctoolchain/usr/include,
					"$(SRCROOT)/usr/include",
				);
				INFOPLIST_FILE = "Visual SchedulerTests/Visual SchedulerTests-Info.plist";
				LIBRARY_SEARCH_PATHS = (
					"$(inherited)",
					"$(SRCROOT)/usr/lib",
				);
				OTHER_LDFLAGS = (
					"$(inherited)",
					"-framework",
					XCTest,
					"-force_load",
					"\"$(SRCROOT)/usr/lib/libOCMock.a\"",
					"-objC",
				);
				PRODUCT_NAME = "$(TARGET_NAME)";
				TEST_HOST = "$(BUNDLE_LOADER)";
				WRAPPER_EXTENSION = xctest;
			};
			name = Debug;
		};
		D83A62EF18B696DC00EC0773 /* Release */ = {
			isa = XCBuildConfiguration;
			buildSettings = {
				BUNDLE_LOADER = "$(BUILT_PRODUCTS_DIR)/Visual Scheduler.app/Visual Scheduler";
				FRAMEWORK_SEARCH_PATHS = (
					"$(SDKROOT)/Developer/Library/Frameworks",
					"$(inherited)",
					"$(DEVELOPER_FRAMEWORKS_DIR)",
				);
				GCC_GENERATE_TEST_COVERAGE_FILES = NO;
				GCC_INSTRUMENT_PROGRAM_FLOW_ARCS = NO;
				GCC_PRECOMPILE_PREFIX_HEADER = YES;
				GCC_PREFIX_HEADER = "Visual SchedulerTests/Visual Scheduler-Prefix.pch";
				GCC_PREPROCESSOR_DEFINITIONS = (
					"TESTING=1",
					"DEBUG=1",
				);
				HEADER_SEARCH_PATHS = (
					"$(inherited)",
					/Applications/Xcode.app/Contents/Developer/Toolchains/XcodeDefault.xctoolchain/usr/include,
					"$(SRCROOT)/usr/include",
				);
				INFOPLIST_FILE = "Visual SchedulerTests/Visual SchedulerTests-Info.plist";
				LIBRARY_SEARCH_PATHS = (
					"$(inherited)",
					"$(SRCROOT)/usr/lib",
				);
				OTHER_LDFLAGS = (
					"$(inherited)",
					"-framework",
					XCTest,
					"-force_load",
					"\"$(SRCROOT)/usr/lib/libOCMock.a\"",
					"-objC",
				);
				PRODUCT_NAME = "$(TARGET_NAME)";
				TEST_HOST = "$(BUNDLE_LOADER)";
				WRAPPER_EXTENSION = xctest;
			};
			name = Release;
		};
/* End XCBuildConfiguration section */

/* Begin XCConfigurationList section */
		D83A62B318B696DB00EC0773 /* Build configuration list for PBXProject "Visual Scheduler" */ = {
			isa = XCConfigurationList;
			buildConfigurations = (
				D83A62E818B696DC00EC0773 /* Debug */,
				D83A62E918B696DC00EC0773 /* Release */,
			);
			defaultConfigurationIsVisible = 0;
			defaultConfigurationName = Release;
		};
		D83A62EA18B696DC00EC0773 /* Build configuration list for PBXNativeTarget "Visual Scheduler" */ = {
			isa = XCConfigurationList;
			buildConfigurations = (
				D83A62EB18B696DC00EC0773 /* Debug */,
				D83A62EC18B696DC00EC0773 /* Release */,
			);
			defaultConfigurationIsVisible = 0;
			defaultConfigurationName = Release;
		};
		D83A62ED18B696DC00EC0773 /* Build configuration list for PBXNativeTarget "Visual SchedulerTests" */ = {
			isa = XCConfigurationList;
			buildConfigurations = (
				D83A62EE18B696DC00EC0773 /* Debug */,
				D83A62EF18B696DC00EC0773 /* Release */,
			);
			defaultConfigurationIsVisible = 0;
			defaultConfigurationName = Release;
		};
/* End XCConfigurationList section */

/* Begin XCVersionGroup section */
		D85E8CD418CA584200BB5F10 /* CoreData.xcdatamodeld */ = {
			isa = XCVersionGroup;
			children = (
				D85E8CD518CA584200BB5F10 /* CoreData.xcdatamodel */,
			);
			currentVersion = D85E8CD518CA584200BB5F10 /* CoreData.xcdatamodel */;
			name = CoreData.xcdatamodeld;
			path = "Visual Scheduler/CoreData.xcdatamodeld";
			sourceTree = "<group>";
			versionGroupType = wrapper.xcdatamodel;
		};
/* End XCVersionGroup section */
	};
	rootObject = D83A62B018B696DB00EC0773 /* Project object */;
}
