// !$*UTF8*$!
{
	archiveVersion = 1;
	classes = {
	};
	objectVersion = 46;
	objects = {

/* Begin PBXBuildFile section */
		6880B1E418C5FB62000900CD /* Foundation.framework in Frameworks */ = {isa = PBXBuildFile; fileRef = 6880B1E318C5FB62000900CD /* Foundation.framework */; };
		6880B1E918C5FB62000900CD /* BBAServiceProvider.h in CopyFiles */ = {isa = PBXBuildFile; fileRef = 6880B1E818C5FB62000900CD /* BBAServiceProvider.h */; };
		6880B1EB18C5FB62000900CD /* BBAServiceProvider.m in Sources */ = {isa = PBXBuildFile; fileRef = 6880B1EA18C5FB62000900CD /* BBAServiceProvider.m */; };
		6880B1F218C5FB62000900CD /* XCTest.framework in Frameworks */ = {isa = PBXBuildFile; fileRef = 6880B1F118C5FB62000900CD /* XCTest.framework */; };
		6880B1F318C5FB62000900CD /* Foundation.framework in Frameworks */ = {isa = PBXBuildFile; fileRef = 6880B1E318C5FB62000900CD /* Foundation.framework */; };
		6880B1F818C5FB62000900CD /* libBBAServiceProvider.a in Frameworks */ = {isa = PBXBuildFile; fileRef = 6880B1E018C5FB62000900CD /* libBBAServiceProvider.a */; };
		6880B1FE18C5FB62000900CD /* InfoPlist.strings in Resources */ = {isa = PBXBuildFile; fileRef = 6880B1FC18C5FB62000900CD /* InfoPlist.strings */; };
		6880B21018C60169000900CD /* TestBBAServiceProvider.m in Sources */ = {isa = PBXBuildFile; fileRef = 6880B20B18C5FF12000900CD /* TestBBAServiceProvider.m */; };
/* End PBXBuildFile section */

/* Begin PBXContainerItemProxy section */
		6880B1F618C5FB62000900CD /* PBXContainerItemProxy */ = {
			isa = PBXContainerItemProxy;
			containerPortal = 6880B1D818C5FB62000900CD /* Project object */;
			proxyType = 1;
			remoteGlobalIDString = 6880B1DF18C5FB62000900CD;
			remoteInfo = BBAServiceProvider;
		};
/* End PBXContainerItemProxy section */

/* Begin PBXCopyFilesBuildPhase section */
		6880B1DE18C5FB62000900CD /* CopyFiles */ = {
			isa = PBXCopyFilesBuildPhase;
			buildActionMask = 2147483647;
			dstPath = "include/$(PRODUCT_NAME)";
			dstSubfolderSpec = 16;
			files = (
				6880B1E918C5FB62000900CD /* BBAServiceProvider.h in CopyFiles */,
			);
			runOnlyForDeploymentPostprocessing = 0;
		};
/* End PBXCopyFilesBuildPhase section */

/* Begin PBXFileReference section */
		6880B1E018C5FB62000900CD /* libBBAServiceProvider.a */ = {isa = PBXFileReference; explicitFileType = archive.ar; includeInIndex = 0; path = libBBAServiceProvider.a; sourceTree = BUILT_PRODUCTS_DIR; };
		6880B1E318C5FB62000900CD /* Foundation.framework */ = {isa = PBXFileReference; lastKnownFileType = wrapper.framework; name = Foundation.framework; path = System/Library/Frameworks/Foundation.framework; sourceTree = SDKROOT; };
		6880B1E718C5FB62000900CD /* BBAServiceProvider-Prefix.pch */ = {isa = PBXFileReference; lastKnownFileType = sourcecode.c.h; path = "BBAServiceProvider-Prefix.pch"; sourceTree = "<group>"; };
		6880B1E818C5FB62000900CD /* BBAServiceProvider.h */ = {isa = PBXFileReference; lastKnownFileType = sourcecode.c.h; path = BBAServiceProvider.h; sourceTree = "<group>"; };
		6880B1EA18C5FB62000900CD /* BBAServiceProvider.m */ = {isa = PBXFileReference; lastKnownFileType = sourcecode.c.objc; path = BBAServiceProvider.m; sourceTree = "<group>"; };
		6880B1F018C5FB62000900CD /* BBAServiceProviderTests.xctest */ = {isa = PBXFileReference; explicitFileType = wrapper.cfbundle; includeInIndex = 0; path = BBAServiceProviderTests.xctest; sourceTree = BUILT_PRODUCTS_DIR; };
		6880B1F118C5FB62000900CD /* XCTest.framework */ = {isa = PBXFileReference; lastKnownFileType = wrapper.framework; name = XCTest.framework; path = Library/Frameworks/XCTest.framework; sourceTree = DEVELOPER_DIR; };
		6880B1F418C5FB62000900CD /* UIKit.framework */ = {isa = PBXFileReference; lastKnownFileType = wrapper.framework; name = UIKit.framework; path = Library/Frameworks/UIKit.framework; sourceTree = DEVELOPER_DIR; };
		6880B1FB18C5FB62000900CD /* BBAServiceProviderTests-Info.plist */ = {isa = PBXFileReference; lastKnownFileType = text.plist.xml; path = "BBAServiceProviderTests-Info.plist"; sourceTree = "<group>"; };
		6880B1FD18C5FB62000900CD /* en */ = {isa = PBXFileReference; lastKnownFileType = text.plist.strings; name = en; path = en.lproj/InfoPlist.strings; sourceTree = "<group>"; };
		6880B20B18C5FF12000900CD /* TestBBAServiceProvider.m */ = {isa = PBXFileReference; fileEncoding = 4; lastKnownFileType = sourcecode.c.objc; path = TestBBAServiceProvider.m; sourceTree = "<group>"; };
/* End PBXFileReference section */

/* Begin PBXFrameworksBuildPhase section */
		6880B1DD18C5FB62000900CD /* Frameworks */ = {
			isa = PBXFrameworksBuildPhase;
			buildActionMask = 2147483647;
			files = (
				6880B1E418C5FB62000900CD /* Foundation.framework in Frameworks */,
			);
			runOnlyForDeploymentPostprocessing = 0;
		};
		6880B1ED18C5FB62000900CD /* Frameworks */ = {
			isa = PBXFrameworksBuildPhase;
			buildActionMask = 2147483647;
			files = (
				6880B1F218C5FB62000900CD /* XCTest.framework in Frameworks */,
				6880B1F818C5FB62000900CD /* libBBAServiceProvider.a in Frameworks */,
				6880B1F318C5FB62000900CD /* Foundation.framework in Frameworks */,
			);
			runOnlyForDeploymentPostprocessing = 0;
		};
/* End PBXFrameworksBuildPhase section */

/* Begin PBXGroup section */
		6880B1D718C5FB62000900CD = {
			isa = PBXGroup;
			children = (
				6880B1E518C5FB62000900CD /* BBAServiceProvider */,
				6880B1F918C5FB62000900CD /* BBAServiceProviderTests */,
				6880B1E218C5FB62000900CD /* Frameworks */,
				6880B1E118C5FB62000900CD /* Products */,
			);
			sourceTree = "<group>";
		};
		6880B1E118C5FB62000900CD /* Products */ = {
			isa = PBXGroup;
			children = (
				6880B1E018C5FB62000900CD /* libBBAServiceProvider.a */,
				6880B1F018C5FB62000900CD /* BBAServiceProviderTests.xctest */,
			);
			name = Products;
			sourceTree = "<group>";
		};
		6880B1E218C5FB62000900CD /* Frameworks */ = {
			isa = PBXGroup;
			children = (
				6880B1E318C5FB62000900CD /* Foundation.framework */,
				6880B1F118C5FB62000900CD /* XCTest.framework */,
				6880B1F418C5FB62000900CD /* UIKit.framework */,
			);
			name = Frameworks;
			sourceTree = "<group>";
		};
		6880B1E518C5FB62000900CD /* BBAServiceProvider */ = {
			isa = PBXGroup;
			children = (
				6880B1E818C5FB62000900CD /* BBAServiceProvider.h */,
				6880B1EA18C5FB62000900CD /* BBAServiceProvider.m */,
				6880B1E618C5FB62000900CD /* Supporting Files */,
			);
			path = BBAServiceProvider;
			sourceTree = "<group>";
		};
		6880B1E618C5FB62000900CD /* Supporting Files */ = {
			isa = PBXGroup;
			children = (
				6880B1E718C5FB62000900CD /* BBAServiceProvider-Prefix.pch */,
			);
			name = "Supporting Files";
			sourceTree = "<group>";
		};
		6880B1F918C5FB62000900CD /* BBAServiceProviderTests */ = {
			isa = PBXGroup;
			children = (
				6880B1FA18C5FB62000900CD /* Supporting Files */,
				6880B20B18C5FF12000900CD /* TestBBAServiceProvider.m */,
			);
			path = BBAServiceProviderTests;
			sourceTree = "<group>";
		};
		6880B1FA18C5FB62000900CD /* Supporting Files */ = {
			isa = PBXGroup;
			children = (
				6880B1FB18C5FB62000900CD /* BBAServiceProviderTests-Info.plist */,
				6880B1FC18C5FB62000900CD /* InfoPlist.strings */,
			);
			name = "Supporting Files";
			sourceTree = "<group>";
		};
/* End PBXGroup section */

/* Begin PBXNativeTarget section */
		6880B1DF18C5FB62000900CD /* BBAServiceProvider */ = {
			isa = PBXNativeTarget;
			buildConfigurationList = 6880B20318C5FB62000900CD /* Build configuration list for PBXNativeTarget "BBAServiceProvider" */;
			buildPhases = (
				6880B1DC18C5FB62000900CD /* Sources */,
				6880B1DD18C5FB62000900CD /* Frameworks */,
				6880B1DE18C5FB62000900CD /* CopyFiles */,
			);
			buildRules = (
			);
			dependencies = (
			);
			name = BBAServiceProvider;
			productName = BBAServiceProvider;
			productReference = 6880B1E018C5FB62000900CD /* libBBAServiceProvider.a */;
			productType = "com.apple.product-type.library.static";
		};
		6880B1EF18C5FB62000900CD /* BBAServiceProviderTests */ = {
			isa = PBXNativeTarget;
			buildConfigurationList = 6880B20618C5FB62000900CD /* Build configuration list for PBXNativeTarget "BBAServiceProviderTests" */;
			buildPhases = (
				6880B1EC18C5FB62000900CD /* Sources */,
				6880B1ED18C5FB62000900CD /* Frameworks */,
				6880B1EE18C5FB62000900CD /* Resources */,
			);
			buildRules = (
			);
			dependencies = (
				6880B1F718C5FB62000900CD /* PBXTargetDependency */,
			);
			name = BBAServiceProviderTests;
			productName = BBAServiceProviderTests;
			productReference = 6880B1F018C5FB62000900CD /* BBAServiceProviderTests.xctest */;
			productType = "com.apple.product-type.bundle.unit-test";
		};
/* End PBXNativeTarget section */

/* Begin PBXProject section */
		6880B1D818C5FB62000900CD /* Project object */ = {
			isa = PBXProject;
			attributes = {
				LastUpgradeCheck = 0500;
				ORGANIZATIONNAME = BBA;
				TargetAttributes = {
					6880B1EF18C5FB62000900CD = {
						TestTargetID = 6880B1DF18C5FB62000900CD;
					};
				};
			};
			buildConfigurationList = 6880B1DB18C5FB62000900CD /* Build configuration list for PBXProject "BBAServiceProvider" */;
			compatibilityVersion = "Xcode 3.2";
			developmentRegion = English;
			hasScannedForEncodings = 0;
			knownRegions = (
				en,
			);
			mainGroup = 6880B1D718C5FB62000900CD;
			productRefGroup = 6880B1E118C5FB62000900CD /* Products */;
			projectDirPath = "";
			projectRoot = "";
			targets = (
				6880B1DF18C5FB62000900CD /* BBAServiceProvider */,
				6880B1EF18C5FB62000900CD /* BBAServiceProviderTests */,
			);
		};
/* End PBXProject section */

/* Begin PBXResourcesBuildPhase section */
		6880B1EE18C5FB62000900CD /* Resources */ = {
			isa = PBXResourcesBuildPhase;
			buildActionMask = 2147483647;
			files = (
				6880B1FE18C5FB62000900CD /* InfoPlist.strings in Resources */,
			);
			runOnlyForDeploymentPostprocessing = 0;
		};
/* End PBXResourcesBuildPhase section */

/* Begin PBXSourcesBuildPhase section */
		6880B1DC18C5FB62000900CD /* Sources */ = {
			isa = PBXSourcesBuildPhase;
			buildActionMask = 2147483647;
			files = (
				6880B1EB18C5FB62000900CD /* BBAServiceProvider.m in Sources */,
			);
			runOnlyForDeploymentPostprocessing = 0;
		};
		6880B1EC18C5FB62000900CD /* Sources */ = {
			isa = PBXSourcesBuildPhase;
			buildActionMask = 2147483647;
			files = (
				6880B21018C60169000900CD /* TestBBAServiceProvider.m in Sources */,
			);
			runOnlyForDeploymentPostprocessing = 0;
		};
/* End PBXSourcesBuildPhase section */

/* Begin PBXTargetDependency section */
		6880B1F718C5FB62000900CD /* PBXTargetDependency */ = {
			isa = PBXTargetDependency;
			target = 6880B1DF18C5FB62000900CD /* BBAServiceProvider */;
			targetProxy = 6880B1F618C5FB62000900CD /* PBXContainerItemProxy */;
		};
/* End PBXTargetDependency section */

/* Begin PBXVariantGroup section */
		6880B1FC18C5FB62000900CD /* InfoPlist.strings */ = {
			isa = PBXVariantGroup;
			children = (
				6880B1FD18C5FB62000900CD /* en */,
			);
			name = InfoPlist.strings;
			sourceTree = "<group>";
		};
/* End PBXVariantGroup section */

/* Begin XCBuildConfiguration section */
		6880B20118C5FB62000900CD /* Debug */ = {
			isa = XCBuildConfiguration;
			buildSettings = {
				ALWAYS_SEARCH_USER_PATHS = NO;
				ARCHS = "$(ARCHS_STANDARD_INCLUDING_64_BIT)";
				CLANG_CXX_LANGUAGE_STANDARD = "gnu++0x";
				CLANG_CXX_LIBRARY = "libc++";
				CLANG_ENABLE_MODULES = YES;
				CLANG_ENABLE_OBJC_ARC = YES;
				CLANG_WARN_BOOL_CONVERSION = YES;
				CLANG_WARN_CONSTANT_CONVERSION = YES;
				CLANG_WARN_DIRECT_OBJC_ISA_USAGE = YES_ERROR;
				CLANG_WARN_EMPTY_BODY = YES;
				CLANG_WARN_ENUM_CONVERSION = YES;
				CLANG_WARN_INT_CONVERSION = YES;
				CLANG_WARN_OBJC_ROOT_CLASS = YES_ERROR;
				CLANG_WARN__DUPLICATE_METHOD_MATCH = YES;
				COPY_PHASE_STRIP = NO;
				GCC_C_LANGUAGE_STANDARD = gnu99;
				GCC_DYNAMIC_NO_PIC = NO;
				GCC_OPTIMIZATION_LEVEL = 0;
				GCC_PREPROCESSOR_DEFINITIONS = (
					"DEBUG=1",
					"$(inherited)",
				);
				GCC_SYMBOLS_PRIVATE_EXTERN = NO;
				GCC_WARN_64_TO_32_BIT_CONVERSION = YES;
				GCC_WARN_ABOUT_RETURN_TYPE = YES_ERROR;
				GCC_WARN_UNDECLARED_SELECTOR = YES;
				GCC_WARN_UNINITIALIZED_AUTOS = YES;
				GCC_WARN_UNUSED_FUNCTION = YES;
				GCC_WARN_UNUSED_VARIABLE = YES;
				IPHONEOS_DEPLOYMENT_TARGET = 7.0;
				ONLY_ACTIVE_ARCH = YES;
				SDKROOT = iphoneos;
			};
			name = Debug;
		};
		6880B20218C5FB62000900CD /* Release */ = {
			isa = XCBuildConfiguration;
			buildSettings = {
				ALWAYS_SEARCH_USER_PATHS = NO;
				ARCHS = "$(ARCHS_STANDARD_INCLUDING_64_BIT)";
				CLANG_CXX_LANGUAGE_STANDARD = "gnu++0x";
				CLANG_CXX_LIBRARY = "libc++";
				CLANG_ENABLE_MODULES = YES;
				CLANG_ENABLE_OBJC_ARC = YES;
				CLANG_WARN_BOOL_CONVERSION = YES;
				CLANG_WARN_CONSTANT_CONVERSION = YES;
				CLANG_WARN_DIRECT_OBJC_ISA_USAGE = YES_ERROR;
				CLANG_WARN_EMPTY_BODY = YES;
				CLANG_WARN_ENUM_CONVERSION = YES;
				CLANG_WARN_INT_CONVERSION = YES;
				CLANG_WARN_OBJC_ROOT_CLASS = YES_ERROR;
				CLANG_WARN__DUPLICATE_METHOD_MATCH = YES;
				COPY_PHASE_STRIP = YES;
				ENABLE_NS_ASSERTIONS = NO;
				GCC_C_LANGUAGE_STANDARD = gnu99;
				GCC_WARN_64_TO_32_BIT_CONVERSION = YES;
				GCC_WARN_ABOUT_RETURN_TYPE = YES_ERROR;
				GCC_WARN_UNDECLARED_SELECTOR = YES;
				GCC_WARN_UNINITIALIZED_AUTOS = YES;
				GCC_WARN_UNUSED_FUNCTION = YES;
				GCC_WARN_UNUSED_VARIABLE = YES;
				IPHONEOS_DEPLOYMENT_TARGET = 7.0;
				SDKROOT = iphoneos;
				VALIDATE_PRODUCT = YES;
			};
			name = Release;
		};
		6880B20418C5FB62000900CD /* Debug */ = {
			isa = XCBuildConfiguration;
			buildSettings = {
				DSTROOT = /tmp/BBAServiceProvider.dst;
				GCC_PRECOMPILE_PREFIX_HEADER = YES;
				GCC_PREFIX_HEADER = "BBAServiceProvider/BBAServiceProvider-Prefix.pch";
				OTHER_LDFLAGS = "-ObjC";
				PRODUCT_NAME = "$(TARGET_NAME)";
				SKIP_INSTALL = YES;
			};
			name = Debug;
		};
		6880B20518C5FB62000900CD /* Release */ = {
			isa = XCBuildConfiguration;
			buildSettings = {
				DSTROOT = /tmp/BBAServiceProvider.dst;
				GCC_PRECOMPILE_PREFIX_HEADER = YES;
				GCC_PREFIX_HEADER = "BBAServiceProvider/BBAServiceProvider-Prefix.pch";
				OTHER_LDFLAGS = "-ObjC";
				PRODUCT_NAME = "$(TARGET_NAME)";
				SKIP_INSTALL = YES;
			};
			name = Release;
		};
		6880B20718C5FB62000900CD /* Debug */ = {
			isa = XCBuildConfiguration;
			buildSettings = {
				ARCHS = "$(ARCHS_STANDARD_INCLUDING_64_BIT)";
				FRAMEWORK_SEARCH_PATHS = (
					"$(SDKROOT)/Developer/Library/Frameworks",
					"$(inherited)",
					"$(DEVELOPER_FRAMEWORKS_DIR)",
				);
				GCC_PRECOMPILE_PREFIX_HEADER = YES;
				GCC_PREFIX_HEADER = "BBAServiceProvider/BBAServiceProvider-Prefix.pch";
				GCC_PREPROCESSOR_DEFINITIONS = (
					"DEBUG=1",
					"$(inherited)",
				);
				INFOPLIST_FILE = "BBAServiceProviderTests/BBAServiceProviderTests-Info.plist";
				PRODUCT_NAME = "$(TARGET_NAME)";
				WRAPPER_EXTENSION = xctest;
			};
			name = Debug;
		};
		6880B20818C5FB62000900CD /* Release */ = {
			isa = XCBuildConfiguration;
			buildSettings = {
				ARCHS = "$(ARCHS_STANDARD_INCLUDING_64_BIT)";
				FRAMEWORK_SEARCH_PATHS = (
					"$(SDKROOT)/Developer/Library/Frameworks",
					"$(inherited)",
					"$(DEVELOPER_FRAMEWORKS_DIR)",
				);
				GCC_PRECOMPILE_PREFIX_HEADER = YES;
				GCC_PREFIX_HEADER = "BBAServiceProvider/BBAServiceProvider-Prefix.pch";
				INFOPLIST_FILE = "BBAServiceProviderTests/BBAServiceProviderTests-Info.plist";
				PRODUCT_NAME = "$(TARGET_NAME)";
				WRAPPER_EXTENSION = xctest;
			};
			name = Release;
		};
/* End XCBuildConfiguration section */

/* Begin XCConfigurationList section */
		6880B1DB18C5FB62000900CD /* Build configuration list for PBXProject "BBAServiceProvider" */ = {
			isa = XCConfigurationList;
			buildConfigurations = (
				6880B20118C5FB62000900CD /* Debug */,
				6880B20218C5FB62000900CD /* Release */,
			);
			defaultConfigurationIsVisible = 0;
			defaultConfigurationName = Release;
		};
		6880B20318C5FB62000900CD /* Build configuration list for PBXNativeTarget "BBAServiceProvider" */ = {
			isa = XCConfigurationList;
			buildConfigurations = (
				6880B20418C5FB62000900CD /* Debug */,
				6880B20518C5FB62000900CD /* Release */,
			);
			defaultConfigurationIsVisible = 0;
			defaultConfigurationName = Release;
		};
		6880B20618C5FB62000900CD /* Build configuration list for PBXNativeTarget "BBAServiceProviderTests" */ = {
			isa = XCConfigurationList;
			buildConfigurations = (
				6880B20718C5FB62000900CD /* Debug */,
				6880B20818C5FB62000900CD /* Release */,
			);
			defaultConfigurationIsVisible = 0;
			defaultConfigurationName = Release;
		};
/* End XCConfigurationList section */
	};
	rootObject = 6880B1D818C5FB62000900CD /* Project object */;
}
